
Microsoft Visual Studio Solution File, Format Version 12.00
# Visual Studio Version 16
VisualStudioVersion = 16.0.32002.261
MinimumVisualStudioVersion = 10.0.40219.1
Project("{FAE04EC0-301F-11D3-BF4B-00C04F79EFBC}") = "WinFormApp", "WinFormApp\WinFormApp.csproj", "{CC1A2217-892B-450C-83BB-A56F9E23EC4A}"
EndProject
Project("{FAE04EC0-301F-11D3-BF4B-00C04F79EFBC}") = "LibModels", "LibModels\LibModels.csproj", "{B2E5AD2C-50B2-4C60-80A3-A7BACDE3CC50}"
EndProject
Project("{FAE04EC0-301F-11D3-BF4B-00C04F79EFBC}") = "LibTextFileAccess", "LibTextFileAccess\LibTextFileAccess.csproj", "{F3911CDB-2847-4843-A5AE-2CAC2D47668A}"
EndProject
Project("{FAE04EC0-301F-11D3-BF4B-00C04F79EFBC}") = "LibCommon", "LibCommon\LibCommon.csproj", "{322EE92E-EDF4-46A4-8978-9AA71311E620}"
EndProject
Project("{FAE04EC0-301F-11D3-BF4B-00C04F79EFBC}") = "LibDatabaseAccess", "LibDatabaseAccess\LibDatabaseAccess.csproj", "{6AB088DE-6879-44C5-A6C3-D5A95858F5F1}"
EndProject
Project("{FAE04EC0-301F-11D3-BF4B-00C04F79EFBC}") = "Tester", "Tester\Tester.csproj", "{03119A56-3091-4B79-B800-B5CCB65F02B2}"
EndProject
Project("{FAE04EC0-301F-11D3-BF4B-00C04F79EFBC}") = "WebAPIService", "WebAPIService\WebAPIService.csproj", "{6C86AE10-830C-489E-8FB4-99501C0C6A38}"
EndProject
Project("{FAE04EC0-301F-11D3-BF4B-00C04F79EFBC}") = "WebAPIService.Tests", "WebAPIService.Tests\WebAPIService.Tests.csproj", "{167C06C7-FDA1-4A6F-B692-5CC7BEE277E6}"
EndProject
Project("{FAE04EC0-301F-11D3-BF4B-00C04F79EFBC}") = "WebAPIClient", "WebAPIClient\WebAPIClient.csproj", "{20B58876-E798-4D36-971E-874FCA3A0589}"
EndProject
Global
	GlobalSection(SolutionConfigurationPlatforms) = preSolution
		Debug|Any CPU = Debug|Any CPU
		Release|Any CPU = Release|Any CPU
	EndGlobalSection
	GlobalSection(ProjectConfigurationPlatforms) = postSolution
		{CC1A2217-892B-450C-83BB-A56F9E23EC4A}.Debug|Any CPU.ActiveCfg = Debug|Any CPU
		{CC1A2217-892B-450C-83BB-A56F9E23EC4A}.Debug|Any CPU.Build.0 = Debug|Any CPU
		{CC1A2217-892B-450C-83BB-A56F9E23EC4A}.Release|Any CPU.ActiveCfg = Release|Any CPU
		{CC1A2217-892B-450C-83BB-A56F9E23EC4A}.Release|Any CPU.Build.0 = Release|Any CPU
		{B2E5AD2C-50B2-4C60-80A3-A7BACDE3CC50}.Debug|Any CPU.ActiveCfg = Debug|Any CPU
		{B2E5AD2C-50B2-4C60-80A3-A7BACDE3CC50}.Debug|Any CPU.Build.0 = Debug|Any CPU
		{B2E5AD2C-50B2-4C60-80A3-A7BACDE3CC50}.Release|Any CPU.ActiveCfg = Release|Any CPU
		{B2E5AD2C-50B2-4C60-80A3-A7BACDE3CC50}.Release|Any CPU.Build.0 = Release|Any CPU
		{F3911CDB-2847-4843-A5AE-2CAC2D47668A}.Debug|Any CPU.ActiveCfg = Debug|Any CPU
		{F3911CDB-2847-4843-A5AE-2CAC2D47668A}.Debug|Any CPU.Build.0 = Debug|Any CPU
		{F3911CDB-2847-4843-A5AE-2CAC2D47668A}.Release|Any CPU.ActiveCfg = Release|Any CPU
		{F3911CDB-2847-4843-A5AE-2CAC2D47668A}.Release|Any CPU.Build.0 = Release|Any CPU
		{322EE92E-EDF4-46A4-8978-9AA71311E620}.Debug|Any CPU.ActiveCfg = Debug|Any CPU
		{322EE92E-EDF4-46A4-8978-9AA71311E620}.Debug|Any CPU.Build.0 = Debug|Any CPU
		{322EE92E-EDF4-46A4-8978-9AA71311E620}.Release|Any CPU.ActiveCfg = Release|Any CPU
		{322EE92E-EDF4-46A4-8978-9AA71311E620}.Release|Any CPU.Build.0 = Release|Any CPU
		{6AB088DE-6879-44C5-A6C3-D5A95858F5F1}.Debug|Any CPU.ActiveCfg = Debug|Any CPU
		{6AB088DE-6879-44C5-A6C3-D5A95858F5F1}.Debug|Any CPU.Build.0 = Debug|Any CPU
		{6AB088DE-6879-44C5-A6C3-D5A95858F5F1}.Release|Any CPU.ActiveCfg = Release|Any CPU
		{6AB088DE-6879-44C5-A6C3-D5A95858F5F1}.Release|Any CPU.Build.0 = Release|Any CPU
		{03119A56-3091-4B79-B800-B5CCB65F02B2}.Debug|Any CPU.ActiveCfg = Debug|Any CPU
		{03119A56-3091-4B79-B800-B5CCB65F02B2}.Debug|Any CPU.Build.0 = Debug|Any CPU
		{03119A56-3091-4B79-B800-B5CCB65F02B2}.Release|Any CPU.ActiveCfg = Release|Any CPU
		{03119A56-3091-4B79-B800-B5CCB65F02B2}.Release|Any CPU.Build.0 = Release|Any CPU
		{6C86AE10-830C-489E-8FB4-99501C0C6A38}.Debug|Any CPU.ActiveCfg = Debug|Any CPU
		{6C86AE10-830C-489E-8FB4-99501C0C6A38}.Debug|Any CPU.Build.0 = Debug|Any CPU
		{6C86AE10-830C-489E-8FB4-99501C0C6A38}.Release|Any CPU.ActiveCfg = Release|Any CPU
		{6C86AE10-830C-489E-8FB4-99501C0C6A38}.Release|Any CPU.Build.0 = Release|Any CPU
		{167C06C7-FDA1-4A6F-B692-5CC7BEE277E6}.Debug|Any CPU.ActiveCfg = Debug|Any CPU
		{167C06C7-FDA1-4A6F-B692-5CC7BEE277E6}.Debug|Any CPU.Build.0 = Debug|Any CPU
		{167C06C7-FDA1-4A6F-B692-5CC7BEE277E6}.Release|Any CPU.ActiveCfg = Release|Any CPU
		{167C06C7-FDA1-4A6F-B692-5CC7BEE277E6}.Release|Any CPU.Build.0 = Release|Any CPU
		{20B58876-E798-4D36-971E-874FCA3A0589}.Debug|Any CPU.ActiveCfg = Debug|Any CPU
		{20B58876-E798-4D36-971E-874FCA3A0589}.Debug|Any CPU.Build.0 = Debug|Any CPU
		{20B58876-E798-4D36-971E-874FCA3A0589}.Release|Any CPU.ActiveCfg = Release|Any CPU
		{20B58876-E798-4D36-971E-874FCA3A0589}.Release|Any CPU.Build.0 = Release|Any CPU
	EndGlobalSection
	GlobalSection(SolutionProperties) = preSolution
		HideSolutionNode = FALSE
	EndGlobalSection
	GlobalSection(ExtensibilityGlobals) = postSolution
		SolutionGuid = {6746EA42-EB17-4307-B8F3-5C0176ABA383}
	EndGlobalSection
EndGlobal
