
Microsoft Visual Studio Solution File, Format Version 12.00
# Visual Studio Version 16
VisualStudioVersion = 16.0.32002.261
MinimumVisualStudioVersion = 10.0.40219.1
Project("{FAE04EC0-301F-11D3-BF4B-00C04F79EFBC}") = "WinFormApp", "WinFormApp\WinFormApp.csproj", "{CC1A2217-892B-450C-83BB-A56F9E23EC4A}"
EndProject
Project("{FAE04EC0-301F-11D3-BF4B-00C04F79EFBC}") = "LibModels", "LibModels\LibModels.csproj", "{B2E5AD2C-50B2-4C60-80A3-A7BACDE3CC50}"
EndProject
Project("{FAE04EC0-301F-11D3-BF4B-00C04F79EFBC}") = "LibTextFileAccess", "LibTextFileAccess\LibTextFileAccess.csproj", "{F3911CDB-2847-4843-A5AE-2CAC2D47668A}"
EndProject
Project("{FAE04EC0-301F-11D3-BF4B-00C04F79EFBC}") = "LibCommon", "LibCommon\LibCommon.csproj", "{322EE92E-EDF4-46A4-8978-9AA71311E620}"
EndProject
Project("{FAE04EC0-301F-11D3-BF4B-00C04F79EFBC}") = "LibDatabaseAccess", "LibDatabaseAccess\LibDatabaseAccess.csproj", "{6AB088DE-6879-44C5-A6C3-D5A95858F5F1}"
EndProject
Project("{FAE04EC0-301F-11D3-BF4B-00C04F79EFBC}") = "Tester", "Tester\Tester.csproj", "{03119A56-3091-4B79-B800-B5CCB65F02B2}"
EndProject
Project("{FAE04EC0-301F-11D3-BF4B-00C04F79EFBC}") = "WebAPIService", "WebAPIService\WebAPIService.csproj", "{6C86AE10-830C-489E-8FB4-99501C0C6A38}"
EndProject
Project("{FAE04EC0-301F-11D3-BF4B-00C04F79EFBC}") = "WebAPIService.Tests", "WebAPIService.Tests\WebAPIService.Tests.csproj", "{167C06C7-FDA1-4A6F-B692-5CC7BEE277E6}"
EndProject
Project("{FAE04EC0-301F-11D3-BF4B-00C04F79EFBC}") = "WebAPIClient", "WebAPIClient\WebAPIClient.csproj", "{20B58876-E798-4D36-971E-874FCA3A0589}"
EndProject
Project("{FAE04EC0-301F-11D3-BF4B-00C04F79EFBC}") = "WPFPrismApp", "WPFPrismApp\WPFPrismApp.csproj", "{9CE46DDB-8183-4C80-AD04-298385409FE3}"
EndProject
Project("{9A19103F-16F7-4668-BE54-9A1E7A4F7556}") = "XamarinPrismApp", "XamarinPrismApp\XamarinPrismApp\XamarinPrismApp.csproj", "{99873558-2FDE-4BC4-BEA2-822EA4B13165}"
EndProject
Project("{FAE04EC0-301F-11D3-BF4B-00C04F79EFBC}") = "XamarinPrismApp.Android", "XamarinPrismApp\XamarinPrismApp.Android\XamarinPrismApp.Android.csproj", "{1174C495-CB6C-40CE-A89E-D84BF30A544C}"
EndProject
Project("{FAE04EC0-301F-11D3-BF4B-00C04F79EFBC}") = "XamarinPrismApp.iOS", "XamarinPrismApp\XamarinPrismApp.iOS\XamarinPrismApp.iOS.csproj", "{6F283D03-2A0D-4738-ACD3-1A0026769038}"
EndProject
Project("{FAE04EC0-301F-11D3-BF4B-00C04F79EFBC}") = "LibExcelAccess", "LibExcelAccess\LibExcelAccess.csproj", "{B38130A4-69C9-4A4F-B202-6CD6BED0CF54}"
EndProject
Global
	GlobalSection(SolutionConfigurationPlatforms) = preSolution
		Ad-Hoc|Any CPU = Ad-Hoc|Any CPU
		Ad-Hoc|ARM = Ad-Hoc|ARM
		Ad-Hoc|iPhone = Ad-Hoc|iPhone
		Ad-Hoc|iPhoneSimulator = Ad-Hoc|iPhoneSimulator
		Ad-Hoc|x64 = Ad-Hoc|x64
		Ad-Hoc|x86 = Ad-Hoc|x86
		AppStore|Any CPU = AppStore|Any CPU
		AppStore|ARM = AppStore|ARM
		AppStore|iPhone = AppStore|iPhone
		AppStore|iPhoneSimulator = AppStore|iPhoneSimulator
		AppStore|x64 = AppStore|x64
		AppStore|x86 = AppStore|x86
		Debug|Any CPU = Debug|Any CPU
		Debug|ARM = Debug|ARM
		Debug|iPhone = Debug|iPhone
		Debug|iPhoneSimulator = Debug|iPhoneSimulator
		Debug|x64 = Debug|x64
		Debug|x86 = Debug|x86
		Release|Any CPU = Release|Any CPU
		Release|ARM = Release|ARM
		Release|iPhone = Release|iPhone
		Release|iPhoneSimulator = Release|iPhoneSimulator
		Release|x64 = Release|x64
		Release|x86 = Release|x86
	EndGlobalSection
	GlobalSection(ProjectConfigurationPlatforms) = postSolution
		{CC1A2217-892B-450C-83BB-A56F9E23EC4A}.Ad-Hoc|Any CPU.ActiveCfg = Release|Any CPU
		{CC1A2217-892B-450C-83BB-A56F9E23EC4A}.Ad-Hoc|Any CPU.Build.0 = Release|Any CPU
		{CC1A2217-892B-450C-83BB-A56F9E23EC4A}.Ad-Hoc|ARM.ActiveCfg = Release|Any CPU
		{CC1A2217-892B-450C-83BB-A56F9E23EC4A}.Ad-Hoc|ARM.Build.0 = Release|Any CPU
		{CC1A2217-892B-450C-83BB-A56F9E23EC4A}.Ad-Hoc|iPhone.ActiveCfg = Release|Any CPU
		{CC1A2217-892B-450C-83BB-A56F9E23EC4A}.Ad-Hoc|iPhone.Build.0 = Release|Any CPU
		{CC1A2217-892B-450C-83BB-A56F9E23EC4A}.Ad-Hoc|iPhoneSimulator.ActiveCfg = Release|Any CPU
		{CC1A2217-892B-450C-83BB-A56F9E23EC4A}.Ad-Hoc|iPhoneSimulator.Build.0 = Release|Any CPU
		{CC1A2217-892B-450C-83BB-A56F9E23EC4A}.Ad-Hoc|x64.ActiveCfg = Release|Any CPU
		{CC1A2217-892B-450C-83BB-A56F9E23EC4A}.Ad-Hoc|x64.Build.0 = Release|Any CPU
		{CC1A2217-892B-450C-83BB-A56F9E23EC4A}.Ad-Hoc|x86.ActiveCfg = Release|Any CPU
		{CC1A2217-892B-450C-83BB-A56F9E23EC4A}.Ad-Hoc|x86.Build.0 = Release|Any CPU
		{CC1A2217-892B-450C-83BB-A56F9E23EC4A}.AppStore|Any CPU.ActiveCfg = Release|Any CPU
		{CC1A2217-892B-450C-83BB-A56F9E23EC4A}.AppStore|Any CPU.Build.0 = Release|Any CPU
		{CC1A2217-892B-450C-83BB-A56F9E23EC4A}.AppStore|ARM.ActiveCfg = Release|Any CPU
		{CC1A2217-892B-450C-83BB-A56F9E23EC4A}.AppStore|ARM.Build.0 = Release|Any CPU
		{CC1A2217-892B-450C-83BB-A56F9E23EC4A}.AppStore|iPhone.ActiveCfg = Release|Any CPU
		{CC1A2217-892B-450C-83BB-A56F9E23EC4A}.AppStore|iPhone.Build.0 = Release|Any CPU
		{CC1A2217-892B-450C-83BB-A56F9E23EC4A}.AppStore|iPhoneSimulator.ActiveCfg = Release|Any CPU
		{CC1A2217-892B-450C-83BB-A56F9E23EC4A}.AppStore|iPhoneSimulator.Build.0 = Release|Any CPU
		{CC1A2217-892B-450C-83BB-A56F9E23EC4A}.AppStore|x64.ActiveCfg = Release|Any CPU
		{CC1A2217-892B-450C-83BB-A56F9E23EC4A}.AppStore|x64.Build.0 = Release|Any CPU
		{CC1A2217-892B-450C-83BB-A56F9E23EC4A}.AppStore|x86.ActiveCfg = Release|Any CPU
		{CC1A2217-892B-450C-83BB-A56F9E23EC4A}.AppStore|x86.Build.0 = Release|Any CPU
		{CC1A2217-892B-450C-83BB-A56F9E23EC4A}.Debug|Any CPU.ActiveCfg = Debug|Any CPU
		{CC1A2217-892B-450C-83BB-A56F9E23EC4A}.Debug|Any CPU.Build.0 = Debug|Any CPU
		{CC1A2217-892B-450C-83BB-A56F9E23EC4A}.Debug|ARM.ActiveCfg = Debug|Any CPU
		{CC1A2217-892B-450C-83BB-A56F9E23EC4A}.Debug|ARM.Build.0 = Debug|Any CPU
		{CC1A2217-892B-450C-83BB-A56F9E23EC4A}.Debug|iPhone.ActiveCfg = Debug|Any CPU
		{CC1A2217-892B-450C-83BB-A56F9E23EC4A}.Debug|iPhone.Build.0 = Debug|Any CPU
		{CC1A2217-892B-450C-83BB-A56F9E23EC4A}.Debug|iPhoneSimulator.ActiveCfg = Debug|Any CPU
		{CC1A2217-892B-450C-83BB-A56F9E23EC4A}.Debug|iPhoneSimulator.Build.0 = Debug|Any CPU
		{CC1A2217-892B-450C-83BB-A56F9E23EC4A}.Debug|x64.ActiveCfg = Debug|Any CPU
		{CC1A2217-892B-450C-83BB-A56F9E23EC4A}.Debug|x64.Build.0 = Debug|Any CPU
		{CC1A2217-892B-450C-83BB-A56F9E23EC4A}.Debug|x86.ActiveCfg = Debug|Any CPU
		{CC1A2217-892B-450C-83BB-A56F9E23EC4A}.Debug|x86.Build.0 = Debug|Any CPU
		{CC1A2217-892B-450C-83BB-A56F9E23EC4A}.Release|Any CPU.ActiveCfg = Release|Any CPU
		{CC1A2217-892B-450C-83BB-A56F9E23EC4A}.Release|Any CPU.Build.0 = Release|Any CPU
		{CC1A2217-892B-450C-83BB-A56F9E23EC4A}.Release|ARM.ActiveCfg = Release|Any CPU
		{CC1A2217-892B-450C-83BB-A56F9E23EC4A}.Release|ARM.Build.0 = Release|Any CPU
		{CC1A2217-892B-450C-83BB-A56F9E23EC4A}.Release|iPhone.ActiveCfg = Release|Any CPU
		{CC1A2217-892B-450C-83BB-A56F9E23EC4A}.Release|iPhone.Build.0 = Release|Any CPU
		{CC1A2217-892B-450C-83BB-A56F9E23EC4A}.Release|iPhoneSimulator.ActiveCfg = Release|Any CPU
		{CC1A2217-892B-450C-83BB-A56F9E23EC4A}.Release|iPhoneSimulator.Build.0 = Release|Any CPU
		{CC1A2217-892B-450C-83BB-A56F9E23EC4A}.Release|x64.ActiveCfg = Release|Any CPU
		{CC1A2217-892B-450C-83BB-A56F9E23EC4A}.Release|x64.Build.0 = Release|Any CPU
		{CC1A2217-892B-450C-83BB-A56F9E23EC4A}.Release|x86.ActiveCfg = Release|Any CPU
		{CC1A2217-892B-450C-83BB-A56F9E23EC4A}.Release|x86.Build.0 = Release|Any CPU
		{B2E5AD2C-50B2-4C60-80A3-A7BACDE3CC50}.Ad-Hoc|Any CPU.ActiveCfg = Release|Any CPU
		{B2E5AD2C-50B2-4C60-80A3-A7BACDE3CC50}.Ad-Hoc|Any CPU.Build.0 = Release|Any CPU
		{B2E5AD2C-50B2-4C60-80A3-A7BACDE3CC50}.Ad-Hoc|ARM.ActiveCfg = Release|Any CPU
		{B2E5AD2C-50B2-4C60-80A3-A7BACDE3CC50}.Ad-Hoc|ARM.Build.0 = Release|Any CPU
		{B2E5AD2C-50B2-4C60-80A3-A7BACDE3CC50}.Ad-Hoc|iPhone.ActiveCfg = Release|Any CPU
		{B2E5AD2C-50B2-4C60-80A3-A7BACDE3CC50}.Ad-Hoc|iPhone.Build.0 = Release|Any CPU
		{B2E5AD2C-50B2-4C60-80A3-A7BACDE3CC50}.Ad-Hoc|iPhoneSimulator.ActiveCfg = Release|Any CPU
		{B2E5AD2C-50B2-4C60-80A3-A7BACDE3CC50}.Ad-Hoc|iPhoneSimulator.Build.0 = Release|Any CPU
		{B2E5AD2C-50B2-4C60-80A3-A7BACDE3CC50}.Ad-Hoc|x64.ActiveCfg = Release|Any CPU
		{B2E5AD2C-50B2-4C60-80A3-A7BACDE3CC50}.Ad-Hoc|x64.Build.0 = Release|Any CPU
		{B2E5AD2C-50B2-4C60-80A3-A7BACDE3CC50}.Ad-Hoc|x86.ActiveCfg = Release|Any CPU
		{B2E5AD2C-50B2-4C60-80A3-A7BACDE3CC50}.Ad-Hoc|x86.Build.0 = Release|Any CPU
		{B2E5AD2C-50B2-4C60-80A3-A7BACDE3CC50}.AppStore|Any CPU.ActiveCfg = Release|Any CPU
		{B2E5AD2C-50B2-4C60-80A3-A7BACDE3CC50}.AppStore|Any CPU.Build.0 = Release|Any CPU
		{B2E5AD2C-50B2-4C60-80A3-A7BACDE3CC50}.AppStore|ARM.ActiveCfg = Release|Any CPU
		{B2E5AD2C-50B2-4C60-80A3-A7BACDE3CC50}.AppStore|ARM.Build.0 = Release|Any CPU
		{B2E5AD2C-50B2-4C60-80A3-A7BACDE3CC50}.AppStore|iPhone.ActiveCfg = Release|Any CPU
		{B2E5AD2C-50B2-4C60-80A3-A7BACDE3CC50}.AppStore|iPhone.Build.0 = Release|Any CPU
		{B2E5AD2C-50B2-4C60-80A3-A7BACDE3CC50}.AppStore|iPhoneSimulator.ActiveCfg = Release|Any CPU
		{B2E5AD2C-50B2-4C60-80A3-A7BACDE3CC50}.AppStore|iPhoneSimulator.Build.0 = Release|Any CPU
		{B2E5AD2C-50B2-4C60-80A3-A7BACDE3CC50}.AppStore|x64.ActiveCfg = Release|Any CPU
		{B2E5AD2C-50B2-4C60-80A3-A7BACDE3CC50}.AppStore|x64.Build.0 = Release|Any CPU
		{B2E5AD2C-50B2-4C60-80A3-A7BACDE3CC50}.AppStore|x86.ActiveCfg = Release|Any CPU
		{B2E5AD2C-50B2-4C60-80A3-A7BACDE3CC50}.AppStore|x86.Build.0 = Release|Any CPU
		{B2E5AD2C-50B2-4C60-80A3-A7BACDE3CC50}.Debug|Any CPU.ActiveCfg = Debug|Any CPU
		{B2E5AD2C-50B2-4C60-80A3-A7BACDE3CC50}.Debug|Any CPU.Build.0 = Debug|Any CPU
		{B2E5AD2C-50B2-4C60-80A3-A7BACDE3CC50}.Debug|ARM.ActiveCfg = Debug|Any CPU
		{B2E5AD2C-50B2-4C60-80A3-A7BACDE3CC50}.Debug|ARM.Build.0 = Debug|Any CPU
		{B2E5AD2C-50B2-4C60-80A3-A7BACDE3CC50}.Debug|iPhone.ActiveCfg = Debug|Any CPU
		{B2E5AD2C-50B2-4C60-80A3-A7BACDE3CC50}.Debug|iPhone.Build.0 = Debug|Any CPU
		{B2E5AD2C-50B2-4C60-80A3-A7BACDE3CC50}.Debug|iPhoneSimulator.ActiveCfg = Debug|Any CPU
		{B2E5AD2C-50B2-4C60-80A3-A7BACDE3CC50}.Debug|iPhoneSimulator.Build.0 = Debug|Any CPU
		{B2E5AD2C-50B2-4C60-80A3-A7BACDE3CC50}.Debug|x64.ActiveCfg = Debug|Any CPU
		{B2E5AD2C-50B2-4C60-80A3-A7BACDE3CC50}.Debug|x64.Build.0 = Debug|Any CPU
		{B2E5AD2C-50B2-4C60-80A3-A7BACDE3CC50}.Debug|x86.ActiveCfg = Debug|Any CPU
		{B2E5AD2C-50B2-4C60-80A3-A7BACDE3CC50}.Debug|x86.Build.0 = Debug|Any CPU
		{B2E5AD2C-50B2-4C60-80A3-A7BACDE3CC50}.Release|Any CPU.ActiveCfg = Release|Any CPU
		{B2E5AD2C-50B2-4C60-80A3-A7BACDE3CC50}.Release|Any CPU.Build.0 = Release|Any CPU
		{B2E5AD2C-50B2-4C60-80A3-A7BACDE3CC50}.Release|ARM.ActiveCfg = Release|Any CPU
		{B2E5AD2C-50B2-4C60-80A3-A7BACDE3CC50}.Release|ARM.Build.0 = Release|Any CPU
		{B2E5AD2C-50B2-4C60-80A3-A7BACDE3CC50}.Release|iPhone.ActiveCfg = Release|Any CPU
		{B2E5AD2C-50B2-4C60-80A3-A7BACDE3CC50}.Release|iPhone.Build.0 = Release|Any CPU
		{B2E5AD2C-50B2-4C60-80A3-A7BACDE3CC50}.Release|iPhoneSimulator.ActiveCfg = Release|Any CPU
		{B2E5AD2C-50B2-4C60-80A3-A7BACDE3CC50}.Release|iPhoneSimulator.Build.0 = Release|Any CPU
		{B2E5AD2C-50B2-4C60-80A3-A7BACDE3CC50}.Release|x64.ActiveCfg = Release|Any CPU
		{B2E5AD2C-50B2-4C60-80A3-A7BACDE3CC50}.Release|x64.Build.0 = Release|Any CPU
		{B2E5AD2C-50B2-4C60-80A3-A7BACDE3CC50}.Release|x86.ActiveCfg = Release|Any CPU
		{B2E5AD2C-50B2-4C60-80A3-A7BACDE3CC50}.Release|x86.Build.0 = Release|Any CPU
		{F3911CDB-2847-4843-A5AE-2CAC2D47668A}.Ad-Hoc|Any CPU.ActiveCfg = Release|Any CPU
		{F3911CDB-2847-4843-A5AE-2CAC2D47668A}.Ad-Hoc|Any CPU.Build.0 = Release|Any CPU
		{F3911CDB-2847-4843-A5AE-2CAC2D47668A}.Ad-Hoc|ARM.ActiveCfg = Release|Any CPU
		{F3911CDB-2847-4843-A5AE-2CAC2D47668A}.Ad-Hoc|ARM.Build.0 = Release|Any CPU
		{F3911CDB-2847-4843-A5AE-2CAC2D47668A}.Ad-Hoc|iPhone.ActiveCfg = Release|Any CPU
		{F3911CDB-2847-4843-A5AE-2CAC2D47668A}.Ad-Hoc|iPhone.Build.0 = Release|Any CPU
		{F3911CDB-2847-4843-A5AE-2CAC2D47668A}.Ad-Hoc|iPhoneSimulator.ActiveCfg = Release|Any CPU
		{F3911CDB-2847-4843-A5AE-2CAC2D47668A}.Ad-Hoc|iPhoneSimulator.Build.0 = Release|Any CPU
		{F3911CDB-2847-4843-A5AE-2CAC2D47668A}.Ad-Hoc|x64.ActiveCfg = Release|Any CPU
		{F3911CDB-2847-4843-A5AE-2CAC2D47668A}.Ad-Hoc|x64.Build.0 = Release|Any CPU
		{F3911CDB-2847-4843-A5AE-2CAC2D47668A}.Ad-Hoc|x86.ActiveCfg = Release|Any CPU
		{F3911CDB-2847-4843-A5AE-2CAC2D47668A}.Ad-Hoc|x86.Build.0 = Release|Any CPU
		{F3911CDB-2847-4843-A5AE-2CAC2D47668A}.AppStore|Any CPU.ActiveCfg = Release|Any CPU
		{F3911CDB-2847-4843-A5AE-2CAC2D47668A}.AppStore|Any CPU.Build.0 = Release|Any CPU
		{F3911CDB-2847-4843-A5AE-2CAC2D47668A}.AppStore|ARM.ActiveCfg = Release|Any CPU
		{F3911CDB-2847-4843-A5AE-2CAC2D47668A}.AppStore|ARM.Build.0 = Release|Any CPU
		{F3911CDB-2847-4843-A5AE-2CAC2D47668A}.AppStore|iPhone.ActiveCfg = Release|Any CPU
		{F3911CDB-2847-4843-A5AE-2CAC2D47668A}.AppStore|iPhone.Build.0 = Release|Any CPU
		{F3911CDB-2847-4843-A5AE-2CAC2D47668A}.AppStore|iPhoneSimulator.ActiveCfg = Release|Any CPU
		{F3911CDB-2847-4843-A5AE-2CAC2D47668A}.AppStore|iPhoneSimulator.Build.0 = Release|Any CPU
		{F3911CDB-2847-4843-A5AE-2CAC2D47668A}.AppStore|x64.ActiveCfg = Release|Any CPU
		{F3911CDB-2847-4843-A5AE-2CAC2D47668A}.AppStore|x64.Build.0 = Release|Any CPU
		{F3911CDB-2847-4843-A5AE-2CAC2D47668A}.AppStore|x86.ActiveCfg = Release|Any CPU
		{F3911CDB-2847-4843-A5AE-2CAC2D47668A}.AppStore|x86.Build.0 = Release|Any CPU
		{F3911CDB-2847-4843-A5AE-2CAC2D47668A}.Debug|Any CPU.ActiveCfg = Debug|Any CPU
		{F3911CDB-2847-4843-A5AE-2CAC2D47668A}.Debug|Any CPU.Build.0 = Debug|Any CPU
		{F3911CDB-2847-4843-A5AE-2CAC2D47668A}.Debug|ARM.ActiveCfg = Debug|Any CPU
		{F3911CDB-2847-4843-A5AE-2CAC2D47668A}.Debug|ARM.Build.0 = Debug|Any CPU
		{F3911CDB-2847-4843-A5AE-2CAC2D47668A}.Debug|iPhone.ActiveCfg = Debug|Any CPU
		{F3911CDB-2847-4843-A5AE-2CAC2D47668A}.Debug|iPhone.Build.0 = Debug|Any CPU
		{F3911CDB-2847-4843-A5AE-2CAC2D47668A}.Debug|iPhoneSimulator.ActiveCfg = Debug|Any CPU
		{F3911CDB-2847-4843-A5AE-2CAC2D47668A}.Debug|iPhoneSimulator.Build.0 = Debug|Any CPU
		{F3911CDB-2847-4843-A5AE-2CAC2D47668A}.Debug|x64.ActiveCfg = Debug|Any CPU
		{F3911CDB-2847-4843-A5AE-2CAC2D47668A}.Debug|x64.Build.0 = Debug|Any CPU
		{F3911CDB-2847-4843-A5AE-2CAC2D47668A}.Debug|x86.ActiveCfg = Debug|Any CPU
		{F3911CDB-2847-4843-A5AE-2CAC2D47668A}.Debug|x86.Build.0 = Debug|Any CPU
		{F3911CDB-2847-4843-A5AE-2CAC2D47668A}.Release|Any CPU.ActiveCfg = Release|Any CPU
		{F3911CDB-2847-4843-A5AE-2CAC2D47668A}.Release|Any CPU.Build.0 = Release|Any CPU
		{F3911CDB-2847-4843-A5AE-2CAC2D47668A}.Release|ARM.ActiveCfg = Release|Any CPU
		{F3911CDB-2847-4843-A5AE-2CAC2D47668A}.Release|ARM.Build.0 = Release|Any CPU
		{F3911CDB-2847-4843-A5AE-2CAC2D47668A}.Release|iPhone.ActiveCfg = Release|Any CPU
		{F3911CDB-2847-4843-A5AE-2CAC2D47668A}.Release|iPhone.Build.0 = Release|Any CPU
		{F3911CDB-2847-4843-A5AE-2CAC2D47668A}.Release|iPhoneSimulator.ActiveCfg = Release|Any CPU
		{F3911CDB-2847-4843-A5AE-2CAC2D47668A}.Release|iPhoneSimulator.Build.0 = Release|Any CPU
		{F3911CDB-2847-4843-A5AE-2CAC2D47668A}.Release|x64.ActiveCfg = Release|Any CPU
		{F3911CDB-2847-4843-A5AE-2CAC2D47668A}.Release|x64.Build.0 = Release|Any CPU
		{F3911CDB-2847-4843-A5AE-2CAC2D47668A}.Release|x86.ActiveCfg = Release|Any CPU
		{F3911CDB-2847-4843-A5AE-2CAC2D47668A}.Release|x86.Build.0 = Release|Any CPU
		{322EE92E-EDF4-46A4-8978-9AA71311E620}.Ad-Hoc|Any CPU.ActiveCfg = Release|Any CPU
		{322EE92E-EDF4-46A4-8978-9AA71311E620}.Ad-Hoc|Any CPU.Build.0 = Release|Any CPU
		{322EE92E-EDF4-46A4-8978-9AA71311E620}.Ad-Hoc|ARM.ActiveCfg = Release|Any CPU
		{322EE92E-EDF4-46A4-8978-9AA71311E620}.Ad-Hoc|ARM.Build.0 = Release|Any CPU
		{322EE92E-EDF4-46A4-8978-9AA71311E620}.Ad-Hoc|iPhone.ActiveCfg = Release|Any CPU
		{322EE92E-EDF4-46A4-8978-9AA71311E620}.Ad-Hoc|iPhone.Build.0 = Release|Any CPU
		{322EE92E-EDF4-46A4-8978-9AA71311E620}.Ad-Hoc|iPhoneSimulator.ActiveCfg = Release|Any CPU
		{322EE92E-EDF4-46A4-8978-9AA71311E620}.Ad-Hoc|iPhoneSimulator.Build.0 = Release|Any CPU
		{322EE92E-EDF4-46A4-8978-9AA71311E620}.Ad-Hoc|x64.ActiveCfg = Release|Any CPU
		{322EE92E-EDF4-46A4-8978-9AA71311E620}.Ad-Hoc|x64.Build.0 = Release|Any CPU
		{322EE92E-EDF4-46A4-8978-9AA71311E620}.Ad-Hoc|x86.ActiveCfg = Release|Any CPU
		{322EE92E-EDF4-46A4-8978-9AA71311E620}.Ad-Hoc|x86.Build.0 = Release|Any CPU
		{322EE92E-EDF4-46A4-8978-9AA71311E620}.AppStore|Any CPU.ActiveCfg = Release|Any CPU
		{322EE92E-EDF4-46A4-8978-9AA71311E620}.AppStore|Any CPU.Build.0 = Release|Any CPU
		{322EE92E-EDF4-46A4-8978-9AA71311E620}.AppStore|ARM.ActiveCfg = Release|Any CPU
		{322EE92E-EDF4-46A4-8978-9AA71311E620}.AppStore|ARM.Build.0 = Release|Any CPU
		{322EE92E-EDF4-46A4-8978-9AA71311E620}.AppStore|iPhone.ActiveCfg = Release|Any CPU
		{322EE92E-EDF4-46A4-8978-9AA71311E620}.AppStore|iPhone.Build.0 = Release|Any CPU
		{322EE92E-EDF4-46A4-8978-9AA71311E620}.AppStore|iPhoneSimulator.ActiveCfg = Release|Any CPU
		{322EE92E-EDF4-46A4-8978-9AA71311E620}.AppStore|iPhoneSimulator.Build.0 = Release|Any CPU
		{322EE92E-EDF4-46A4-8978-9AA71311E620}.AppStore|x64.ActiveCfg = Release|Any CPU
		{322EE92E-EDF4-46A4-8978-9AA71311E620}.AppStore|x64.Build.0 = Release|Any CPU
		{322EE92E-EDF4-46A4-8978-9AA71311E620}.AppStore|x86.ActiveCfg = Release|Any CPU
		{322EE92E-EDF4-46A4-8978-9AA71311E620}.AppStore|x86.Build.0 = Release|Any CPU
		{322EE92E-EDF4-46A4-8978-9AA71311E620}.Debug|Any CPU.ActiveCfg = Debug|Any CPU
		{322EE92E-EDF4-46A4-8978-9AA71311E620}.Debug|Any CPU.Build.0 = Debug|Any CPU
		{322EE92E-EDF4-46A4-8978-9AA71311E620}.Debug|ARM.ActiveCfg = Debug|Any CPU
		{322EE92E-EDF4-46A4-8978-9AA71311E620}.Debug|ARM.Build.0 = Debug|Any CPU
		{322EE92E-EDF4-46A4-8978-9AA71311E620}.Debug|iPhone.ActiveCfg = Debug|Any CPU
		{322EE92E-EDF4-46A4-8978-9AA71311E620}.Debug|iPhone.Build.0 = Debug|Any CPU
		{322EE92E-EDF4-46A4-8978-9AA71311E620}.Debug|iPhoneSimulator.ActiveCfg = Debug|Any CPU
		{322EE92E-EDF4-46A4-8978-9AA71311E620}.Debug|iPhoneSimulator.Build.0 = Debug|Any CPU
		{322EE92E-EDF4-46A4-8978-9AA71311E620}.Debug|x64.ActiveCfg = Debug|Any CPU
		{322EE92E-EDF4-46A4-8978-9AA71311E620}.Debug|x64.Build.0 = Debug|Any CPU
		{322EE92E-EDF4-46A4-8978-9AA71311E620}.Debug|x86.ActiveCfg = Debug|Any CPU
		{322EE92E-EDF4-46A4-8978-9AA71311E620}.Debug|x86.Build.0 = Debug|Any CPU
		{322EE92E-EDF4-46A4-8978-9AA71311E620}.Release|Any CPU.ActiveCfg = Release|Any CPU
		{322EE92E-EDF4-46A4-8978-9AA71311E620}.Release|Any CPU.Build.0 = Release|Any CPU
		{322EE92E-EDF4-46A4-8978-9AA71311E620}.Release|ARM.ActiveCfg = Release|Any CPU
		{322EE92E-EDF4-46A4-8978-9AA71311E620}.Release|ARM.Build.0 = Release|Any CPU
		{322EE92E-EDF4-46A4-8978-9AA71311E620}.Release|iPhone.ActiveCfg = Release|Any CPU
		{322EE92E-EDF4-46A4-8978-9AA71311E620}.Release|iPhone.Build.0 = Release|Any CPU
		{322EE92E-EDF4-46A4-8978-9AA71311E620}.Release|iPhoneSimulator.ActiveCfg = Release|Any CPU
		{322EE92E-EDF4-46A4-8978-9AA71311E620}.Release|iPhoneSimulator.Build.0 = Release|Any CPU
		{322EE92E-EDF4-46A4-8978-9AA71311E620}.Release|x64.ActiveCfg = Release|Any CPU
		{322EE92E-EDF4-46A4-8978-9AA71311E620}.Release|x64.Build.0 = Release|Any CPU
		{322EE92E-EDF4-46A4-8978-9AA71311E620}.Release|x86.ActiveCfg = Release|Any CPU
		{322EE92E-EDF4-46A4-8978-9AA71311E620}.Release|x86.Build.0 = Release|Any CPU
		{6AB088DE-6879-44C5-A6C3-D5A95858F5F1}.Ad-Hoc|Any CPU.ActiveCfg = Release|Any CPU
		{6AB088DE-6879-44C5-A6C3-D5A95858F5F1}.Ad-Hoc|Any CPU.Build.0 = Release|Any CPU
		{6AB088DE-6879-44C5-A6C3-D5A95858F5F1}.Ad-Hoc|ARM.ActiveCfg = Release|Any CPU
		{6AB088DE-6879-44C5-A6C3-D5A95858F5F1}.Ad-Hoc|ARM.Build.0 = Release|Any CPU
		{6AB088DE-6879-44C5-A6C3-D5A95858F5F1}.Ad-Hoc|iPhone.ActiveCfg = Release|Any CPU
		{6AB088DE-6879-44C5-A6C3-D5A95858F5F1}.Ad-Hoc|iPhone.Build.0 = Release|Any CPU
		{6AB088DE-6879-44C5-A6C3-D5A95858F5F1}.Ad-Hoc|iPhoneSimulator.ActiveCfg = Release|Any CPU
		{6AB088DE-6879-44C5-A6C3-D5A95858F5F1}.Ad-Hoc|iPhoneSimulator.Build.0 = Release|Any CPU
		{6AB088DE-6879-44C5-A6C3-D5A95858F5F1}.Ad-Hoc|x64.ActiveCfg = Release|Any CPU
		{6AB088DE-6879-44C5-A6C3-D5A95858F5F1}.Ad-Hoc|x64.Build.0 = Release|Any CPU
		{6AB088DE-6879-44C5-A6C3-D5A95858F5F1}.Ad-Hoc|x86.ActiveCfg = Release|Any CPU
		{6AB088DE-6879-44C5-A6C3-D5A95858F5F1}.Ad-Hoc|x86.Build.0 = Release|Any CPU
		{6AB088DE-6879-44C5-A6C3-D5A95858F5F1}.AppStore|Any CPU.ActiveCfg = Release|Any CPU
		{6AB088DE-6879-44C5-A6C3-D5A95858F5F1}.AppStore|Any CPU.Build.0 = Release|Any CPU
		{6AB088DE-6879-44C5-A6C3-D5A95858F5F1}.AppStore|ARM.ActiveCfg = Release|Any CPU
		{6AB088DE-6879-44C5-A6C3-D5A95858F5F1}.AppStore|ARM.Build.0 = Release|Any CPU
		{6AB088DE-6879-44C5-A6C3-D5A95858F5F1}.AppStore|iPhone.ActiveCfg = Release|Any CPU
		{6AB088DE-6879-44C5-A6C3-D5A95858F5F1}.AppStore|iPhone.Build.0 = Release|Any CPU
		{6AB088DE-6879-44C5-A6C3-D5A95858F5F1}.AppStore|iPhoneSimulator.ActiveCfg = Release|Any CPU
		{6AB088DE-6879-44C5-A6C3-D5A95858F5F1}.AppStore|iPhoneSimulator.Build.0 = Release|Any CPU
		{6AB088DE-6879-44C5-A6C3-D5A95858F5F1}.AppStore|x64.ActiveCfg = Release|Any CPU
		{6AB088DE-6879-44C5-A6C3-D5A95858F5F1}.AppStore|x64.Build.0 = Release|Any CPU
		{6AB088DE-6879-44C5-A6C3-D5A95858F5F1}.AppStore|x86.ActiveCfg = Release|Any CPU
		{6AB088DE-6879-44C5-A6C3-D5A95858F5F1}.AppStore|x86.Build.0 = Release|Any CPU
		{6AB088DE-6879-44C5-A6C3-D5A95858F5F1}.Debug|Any CPU.ActiveCfg = Debug|Any CPU
		{6AB088DE-6879-44C5-A6C3-D5A95858F5F1}.Debug|Any CPU.Build.0 = Debug|Any CPU
		{6AB088DE-6879-44C5-A6C3-D5A95858F5F1}.Debug|ARM.ActiveCfg = Debug|Any CPU
		{6AB088DE-6879-44C5-A6C3-D5A95858F5F1}.Debug|ARM.Build.0 = Debug|Any CPU
		{6AB088DE-6879-44C5-A6C3-D5A95858F5F1}.Debug|iPhone.ActiveCfg = Debug|Any CPU
		{6AB088DE-6879-44C5-A6C3-D5A95858F5F1}.Debug|iPhone.Build.0 = Debug|Any CPU
		{6AB088DE-6879-44C5-A6C3-D5A95858F5F1}.Debug|iPhoneSimulator.ActiveCfg = Debug|Any CPU
		{6AB088DE-6879-44C5-A6C3-D5A95858F5F1}.Debug|iPhoneSimulator.Build.0 = Debug|Any CPU
		{6AB088DE-6879-44C5-A6C3-D5A95858F5F1}.Debug|x64.ActiveCfg = Debug|Any CPU
		{6AB088DE-6879-44C5-A6C3-D5A95858F5F1}.Debug|x64.Build.0 = Debug|Any CPU
		{6AB088DE-6879-44C5-A6C3-D5A95858F5F1}.Debug|x86.ActiveCfg = Debug|Any CPU
		{6AB088DE-6879-44C5-A6C3-D5A95858F5F1}.Debug|x86.Build.0 = Debug|Any CPU
		{6AB088DE-6879-44C5-A6C3-D5A95858F5F1}.Release|Any CPU.ActiveCfg = Release|Any CPU
		{6AB088DE-6879-44C5-A6C3-D5A95858F5F1}.Release|Any CPU.Build.0 = Release|Any CPU
		{6AB088DE-6879-44C5-A6C3-D5A95858F5F1}.Release|ARM.ActiveCfg = Release|Any CPU
		{6AB088DE-6879-44C5-A6C3-D5A95858F5F1}.Release|ARM.Build.0 = Release|Any CPU
		{6AB088DE-6879-44C5-A6C3-D5A95858F5F1}.Release|iPhone.ActiveCfg = Release|Any CPU
		{6AB088DE-6879-44C5-A6C3-D5A95858F5F1}.Release|iPhone.Build.0 = Release|Any CPU
		{6AB088DE-6879-44C5-A6C3-D5A95858F5F1}.Release|iPhoneSimulator.ActiveCfg = Release|Any CPU
		{6AB088DE-6879-44C5-A6C3-D5A95858F5F1}.Release|iPhoneSimulator.Build.0 = Release|Any CPU
		{6AB088DE-6879-44C5-A6C3-D5A95858F5F1}.Release|x64.ActiveCfg = Release|Any CPU
		{6AB088DE-6879-44C5-A6C3-D5A95858F5F1}.Release|x64.Build.0 = Release|Any CPU
		{6AB088DE-6879-44C5-A6C3-D5A95858F5F1}.Release|x86.ActiveCfg = Release|Any CPU
		{6AB088DE-6879-44C5-A6C3-D5A95858F5F1}.Release|x86.Build.0 = Release|Any CPU
		{03119A56-3091-4B79-B800-B5CCB65F02B2}.Ad-Hoc|Any CPU.ActiveCfg = Release|Any CPU
		{03119A56-3091-4B79-B800-B5CCB65F02B2}.Ad-Hoc|Any CPU.Build.0 = Release|Any CPU
		{03119A56-3091-4B79-B800-B5CCB65F02B2}.Ad-Hoc|ARM.ActiveCfg = Release|Any CPU
		{03119A56-3091-4B79-B800-B5CCB65F02B2}.Ad-Hoc|ARM.Build.0 = Release|Any CPU
		{03119A56-3091-4B79-B800-B5CCB65F02B2}.Ad-Hoc|iPhone.ActiveCfg = Release|Any CPU
		{03119A56-3091-4B79-B800-B5CCB65F02B2}.Ad-Hoc|iPhone.Build.0 = Release|Any CPU
		{03119A56-3091-4B79-B800-B5CCB65F02B2}.Ad-Hoc|iPhoneSimulator.ActiveCfg = Release|Any CPU
		{03119A56-3091-4B79-B800-B5CCB65F02B2}.Ad-Hoc|iPhoneSimulator.Build.0 = Release|Any CPU
		{03119A56-3091-4B79-B800-B5CCB65F02B2}.Ad-Hoc|x64.ActiveCfg = Release|Any CPU
		{03119A56-3091-4B79-B800-B5CCB65F02B2}.Ad-Hoc|x64.Build.0 = Release|Any CPU
		{03119A56-3091-4B79-B800-B5CCB65F02B2}.Ad-Hoc|x86.ActiveCfg = Release|Any CPU
		{03119A56-3091-4B79-B800-B5CCB65F02B2}.Ad-Hoc|x86.Build.0 = Release|Any CPU
		{03119A56-3091-4B79-B800-B5CCB65F02B2}.AppStore|Any CPU.ActiveCfg = Release|Any CPU
		{03119A56-3091-4B79-B800-B5CCB65F02B2}.AppStore|Any CPU.Build.0 = Release|Any CPU
		{03119A56-3091-4B79-B800-B5CCB65F02B2}.AppStore|ARM.ActiveCfg = Release|Any CPU
		{03119A56-3091-4B79-B800-B5CCB65F02B2}.AppStore|ARM.Build.0 = Release|Any CPU
		{03119A56-3091-4B79-B800-B5CCB65F02B2}.AppStore|iPhone.ActiveCfg = Release|Any CPU
		{03119A56-3091-4B79-B800-B5CCB65F02B2}.AppStore|iPhone.Build.0 = Release|Any CPU
		{03119A56-3091-4B79-B800-B5CCB65F02B2}.AppStore|iPhoneSimulator.ActiveCfg = Release|Any CPU
		{03119A56-3091-4B79-B800-B5CCB65F02B2}.AppStore|iPhoneSimulator.Build.0 = Release|Any CPU
		{03119A56-3091-4B79-B800-B5CCB65F02B2}.AppStore|x64.ActiveCfg = Release|Any CPU
		{03119A56-3091-4B79-B800-B5CCB65F02B2}.AppStore|x64.Build.0 = Release|Any CPU
		{03119A56-3091-4B79-B800-B5CCB65F02B2}.AppStore|x86.ActiveCfg = Release|Any CPU
		{03119A56-3091-4B79-B800-B5CCB65F02B2}.AppStore|x86.Build.0 = Release|Any CPU
		{03119A56-3091-4B79-B800-B5CCB65F02B2}.Debug|Any CPU.ActiveCfg = Debug|Any CPU
		{03119A56-3091-4B79-B800-B5CCB65F02B2}.Debug|Any CPU.Build.0 = Debug|Any CPU
		{03119A56-3091-4B79-B800-B5CCB65F02B2}.Debug|ARM.ActiveCfg = Debug|Any CPU
		{03119A56-3091-4B79-B800-B5CCB65F02B2}.Debug|ARM.Build.0 = Debug|Any CPU
		{03119A56-3091-4B79-B800-B5CCB65F02B2}.Debug|iPhone.ActiveCfg = Debug|Any CPU
		{03119A56-3091-4B79-B800-B5CCB65F02B2}.Debug|iPhone.Build.0 = Debug|Any CPU
		{03119A56-3091-4B79-B800-B5CCB65F02B2}.Debug|iPhoneSimulator.ActiveCfg = Debug|Any CPU
		{03119A56-3091-4B79-B800-B5CCB65F02B2}.Debug|iPhoneSimulator.Build.0 = Debug|Any CPU
		{03119A56-3091-4B79-B800-B5CCB65F02B2}.Debug|x64.ActiveCfg = Debug|Any CPU
		{03119A56-3091-4B79-B800-B5CCB65F02B2}.Debug|x64.Build.0 = Debug|Any CPU
		{03119A56-3091-4B79-B800-B5CCB65F02B2}.Debug|x86.ActiveCfg = Debug|Any CPU
		{03119A56-3091-4B79-B800-B5CCB65F02B2}.Debug|x86.Build.0 = Debug|Any CPU
		{03119A56-3091-4B79-B800-B5CCB65F02B2}.Release|Any CPU.ActiveCfg = Release|Any CPU
		{03119A56-3091-4B79-B800-B5CCB65F02B2}.Release|Any CPU.Build.0 = Release|Any CPU
		{03119A56-3091-4B79-B800-B5CCB65F02B2}.Release|ARM.ActiveCfg = Release|Any CPU
		{03119A56-3091-4B79-B800-B5CCB65F02B2}.Release|ARM.Build.0 = Release|Any CPU
		{03119A56-3091-4B79-B800-B5CCB65F02B2}.Release|iPhone.ActiveCfg = Release|Any CPU
		{03119A56-3091-4B79-B800-B5CCB65F02B2}.Release|iPhone.Build.0 = Release|Any CPU
		{03119A56-3091-4B79-B800-B5CCB65F02B2}.Release|iPhoneSimulator.ActiveCfg = Release|Any CPU
		{03119A56-3091-4B79-B800-B5CCB65F02B2}.Release|iPhoneSimulator.Build.0 = Release|Any CPU
		{03119A56-3091-4B79-B800-B5CCB65F02B2}.Release|x64.ActiveCfg = Release|Any CPU
		{03119A56-3091-4B79-B800-B5CCB65F02B2}.Release|x64.Build.0 = Release|Any CPU
		{03119A56-3091-4B79-B800-B5CCB65F02B2}.Release|x86.ActiveCfg = Release|Any CPU
		{03119A56-3091-4B79-B800-B5CCB65F02B2}.Release|x86.Build.0 = Release|Any CPU
		{6C86AE10-830C-489E-8FB4-99501C0C6A38}.Ad-Hoc|Any CPU.ActiveCfg = Release|Any CPU
		{6C86AE10-830C-489E-8FB4-99501C0C6A38}.Ad-Hoc|Any CPU.Build.0 = Release|Any CPU
		{6C86AE10-830C-489E-8FB4-99501C0C6A38}.Ad-Hoc|ARM.ActiveCfg = Release|Any CPU
		{6C86AE10-830C-489E-8FB4-99501C0C6A38}.Ad-Hoc|ARM.Build.0 = Release|Any CPU
		{6C86AE10-830C-489E-8FB4-99501C0C6A38}.Ad-Hoc|iPhone.ActiveCfg = Release|Any CPU
		{6C86AE10-830C-489E-8FB4-99501C0C6A38}.Ad-Hoc|iPhone.Build.0 = Release|Any CPU
		{6C86AE10-830C-489E-8FB4-99501C0C6A38}.Ad-Hoc|iPhoneSimulator.ActiveCfg = Release|Any CPU
		{6C86AE10-830C-489E-8FB4-99501C0C6A38}.Ad-Hoc|iPhoneSimulator.Build.0 = Release|Any CPU
		{6C86AE10-830C-489E-8FB4-99501C0C6A38}.Ad-Hoc|x64.ActiveCfg = Release|Any CPU
		{6C86AE10-830C-489E-8FB4-99501C0C6A38}.Ad-Hoc|x64.Build.0 = Release|Any CPU
		{6C86AE10-830C-489E-8FB4-99501C0C6A38}.Ad-Hoc|x86.ActiveCfg = Release|Any CPU
		{6C86AE10-830C-489E-8FB4-99501C0C6A38}.Ad-Hoc|x86.Build.0 = Release|Any CPU
		{6C86AE10-830C-489E-8FB4-99501C0C6A38}.AppStore|Any CPU.ActiveCfg = Release|Any CPU
		{6C86AE10-830C-489E-8FB4-99501C0C6A38}.AppStore|Any CPU.Build.0 = Release|Any CPU
		{6C86AE10-830C-489E-8FB4-99501C0C6A38}.AppStore|ARM.ActiveCfg = Release|Any CPU
		{6C86AE10-830C-489E-8FB4-99501C0C6A38}.AppStore|ARM.Build.0 = Release|Any CPU
		{6C86AE10-830C-489E-8FB4-99501C0C6A38}.AppStore|iPhone.ActiveCfg = Release|Any CPU
		{6C86AE10-830C-489E-8FB4-99501C0C6A38}.AppStore|iPhone.Build.0 = Release|Any CPU
		{6C86AE10-830C-489E-8FB4-99501C0C6A38}.AppStore|iPhoneSimulator.ActiveCfg = Release|Any CPU
		{6C86AE10-830C-489E-8FB4-99501C0C6A38}.AppStore|iPhoneSimulator.Build.0 = Release|Any CPU
		{6C86AE10-830C-489E-8FB4-99501C0C6A38}.AppStore|x64.ActiveCfg = Release|Any CPU
		{6C86AE10-830C-489E-8FB4-99501C0C6A38}.AppStore|x64.Build.0 = Release|Any CPU
		{6C86AE10-830C-489E-8FB4-99501C0C6A38}.AppStore|x86.ActiveCfg = Release|Any CPU
		{6C86AE10-830C-489E-8FB4-99501C0C6A38}.AppStore|x86.Build.0 = Release|Any CPU
		{6C86AE10-830C-489E-8FB4-99501C0C6A38}.Debug|Any CPU.ActiveCfg = Debug|Any CPU
		{6C86AE10-830C-489E-8FB4-99501C0C6A38}.Debug|Any CPU.Build.0 = Debug|Any CPU
		{6C86AE10-830C-489E-8FB4-99501C0C6A38}.Debug|ARM.ActiveCfg = Debug|Any CPU
		{6C86AE10-830C-489E-8FB4-99501C0C6A38}.Debug|ARM.Build.0 = Debug|Any CPU
		{6C86AE10-830C-489E-8FB4-99501C0C6A38}.Debug|iPhone.ActiveCfg = Debug|Any CPU
		{6C86AE10-830C-489E-8FB4-99501C0C6A38}.Debug|iPhone.Build.0 = Debug|Any CPU
		{6C86AE10-830C-489E-8FB4-99501C0C6A38}.Debug|iPhoneSimulator.ActiveCfg = Debug|Any CPU
		{6C86AE10-830C-489E-8FB4-99501C0C6A38}.Debug|iPhoneSimulator.Build.0 = Debug|Any CPU
		{6C86AE10-830C-489E-8FB4-99501C0C6A38}.Debug|x64.ActiveCfg = Debug|Any CPU
		{6C86AE10-830C-489E-8FB4-99501C0C6A38}.Debug|x64.Build.0 = Debug|Any CPU
		{6C86AE10-830C-489E-8FB4-99501C0C6A38}.Debug|x86.ActiveCfg = Debug|Any CPU
		{6C86AE10-830C-489E-8FB4-99501C0C6A38}.Debug|x86.Build.0 = Debug|Any CPU
		{6C86AE10-830C-489E-8FB4-99501C0C6A38}.Release|Any CPU.ActiveCfg = Release|Any CPU
		{6C86AE10-830C-489E-8FB4-99501C0C6A38}.Release|Any CPU.Build.0 = Release|Any CPU
		{6C86AE10-830C-489E-8FB4-99501C0C6A38}.Release|ARM.ActiveCfg = Release|Any CPU
		{6C86AE10-830C-489E-8FB4-99501C0C6A38}.Release|ARM.Build.0 = Release|Any CPU
		{6C86AE10-830C-489E-8FB4-99501C0C6A38}.Release|iPhone.ActiveCfg = Release|Any CPU
		{6C86AE10-830C-489E-8FB4-99501C0C6A38}.Release|iPhone.Build.0 = Release|Any CPU
		{6C86AE10-830C-489E-8FB4-99501C0C6A38}.Release|iPhoneSimulator.ActiveCfg = Release|Any CPU
		{6C86AE10-830C-489E-8FB4-99501C0C6A38}.Release|iPhoneSimulator.Build.0 = Release|Any CPU
		{6C86AE10-830C-489E-8FB4-99501C0C6A38}.Release|x64.ActiveCfg = Release|Any CPU
		{6C86AE10-830C-489E-8FB4-99501C0C6A38}.Release|x64.Build.0 = Release|Any CPU
		{6C86AE10-830C-489E-8FB4-99501C0C6A38}.Release|x86.ActiveCfg = Release|Any CPU
		{6C86AE10-830C-489E-8FB4-99501C0C6A38}.Release|x86.Build.0 = Release|Any CPU
		{167C06C7-FDA1-4A6F-B692-5CC7BEE277E6}.Ad-Hoc|Any CPU.ActiveCfg = Release|Any CPU
		{167C06C7-FDA1-4A6F-B692-5CC7BEE277E6}.Ad-Hoc|Any CPU.Build.0 = Release|Any CPU
		{167C06C7-FDA1-4A6F-B692-5CC7BEE277E6}.Ad-Hoc|ARM.ActiveCfg = Release|Any CPU
		{167C06C7-FDA1-4A6F-B692-5CC7BEE277E6}.Ad-Hoc|ARM.Build.0 = Release|Any CPU
		{167C06C7-FDA1-4A6F-B692-5CC7BEE277E6}.Ad-Hoc|iPhone.ActiveCfg = Release|Any CPU
		{167C06C7-FDA1-4A6F-B692-5CC7BEE277E6}.Ad-Hoc|iPhone.Build.0 = Release|Any CPU
		{167C06C7-FDA1-4A6F-B692-5CC7BEE277E6}.Ad-Hoc|iPhoneSimulator.ActiveCfg = Release|Any CPU
		{167C06C7-FDA1-4A6F-B692-5CC7BEE277E6}.Ad-Hoc|iPhoneSimulator.Build.0 = Release|Any CPU
		{167C06C7-FDA1-4A6F-B692-5CC7BEE277E6}.Ad-Hoc|x64.ActiveCfg = Release|Any CPU
		{167C06C7-FDA1-4A6F-B692-5CC7BEE277E6}.Ad-Hoc|x64.Build.0 = Release|Any CPU
		{167C06C7-FDA1-4A6F-B692-5CC7BEE277E6}.Ad-Hoc|x86.ActiveCfg = Release|Any CPU
		{167C06C7-FDA1-4A6F-B692-5CC7BEE277E6}.Ad-Hoc|x86.Build.0 = Release|Any CPU
		{167C06C7-FDA1-4A6F-B692-5CC7BEE277E6}.AppStore|Any CPU.ActiveCfg = Release|Any CPU
		{167C06C7-FDA1-4A6F-B692-5CC7BEE277E6}.AppStore|Any CPU.Build.0 = Release|Any CPU
		{167C06C7-FDA1-4A6F-B692-5CC7BEE277E6}.AppStore|ARM.ActiveCfg = Release|Any CPU
		{167C06C7-FDA1-4A6F-B692-5CC7BEE277E6}.AppStore|ARM.Build.0 = Release|Any CPU
		{167C06C7-FDA1-4A6F-B692-5CC7BEE277E6}.AppStore|iPhone.ActiveCfg = Release|Any CPU
		{167C06C7-FDA1-4A6F-B692-5CC7BEE277E6}.AppStore|iPhone.Build.0 = Release|Any CPU
		{167C06C7-FDA1-4A6F-B692-5CC7BEE277E6}.AppStore|iPhoneSimulator.ActiveCfg = Release|Any CPU
		{167C06C7-FDA1-4A6F-B692-5CC7BEE277E6}.AppStore|iPhoneSimulator.Build.0 = Release|Any CPU
		{167C06C7-FDA1-4A6F-B692-5CC7BEE277E6}.AppStore|x64.ActiveCfg = Release|Any CPU
		{167C06C7-FDA1-4A6F-B692-5CC7BEE277E6}.AppStore|x64.Build.0 = Release|Any CPU
		{167C06C7-FDA1-4A6F-B692-5CC7BEE277E6}.AppStore|x86.ActiveCfg = Release|Any CPU
		{167C06C7-FDA1-4A6F-B692-5CC7BEE277E6}.AppStore|x86.Build.0 = Release|Any CPU
		{167C06C7-FDA1-4A6F-B692-5CC7BEE277E6}.Debug|Any CPU.ActiveCfg = Debug|Any CPU
		{167C06C7-FDA1-4A6F-B692-5CC7BEE277E6}.Debug|Any CPU.Build.0 = Debug|Any CPU
		{167C06C7-FDA1-4A6F-B692-5CC7BEE277E6}.Debug|ARM.ActiveCfg = Debug|Any CPU
		{167C06C7-FDA1-4A6F-B692-5CC7BEE277E6}.Debug|ARM.Build.0 = Debug|Any CPU
		{167C06C7-FDA1-4A6F-B692-5CC7BEE277E6}.Debug|iPhone.ActiveCfg = Debug|Any CPU
		{167C06C7-FDA1-4A6F-B692-5CC7BEE277E6}.Debug|iPhone.Build.0 = Debug|Any CPU
		{167C06C7-FDA1-4A6F-B692-5CC7BEE277E6}.Debug|iPhoneSimulator.ActiveCfg = Debug|Any CPU
		{167C06C7-FDA1-4A6F-B692-5CC7BEE277E6}.Debug|iPhoneSimulator.Build.0 = Debug|Any CPU
		{167C06C7-FDA1-4A6F-B692-5CC7BEE277E6}.Debug|x64.ActiveCfg = Debug|Any CPU
		{167C06C7-FDA1-4A6F-B692-5CC7BEE277E6}.Debug|x64.Build.0 = Debug|Any CPU
		{167C06C7-FDA1-4A6F-B692-5CC7BEE277E6}.Debug|x86.ActiveCfg = Debug|Any CPU
		{167C06C7-FDA1-4A6F-B692-5CC7BEE277E6}.Debug|x86.Build.0 = Debug|Any CPU
		{167C06C7-FDA1-4A6F-B692-5CC7BEE277E6}.Release|Any CPU.ActiveCfg = Release|Any CPU
		{167C06C7-FDA1-4A6F-B692-5CC7BEE277E6}.Release|Any CPU.Build.0 = Release|Any CPU
		{167C06C7-FDA1-4A6F-B692-5CC7BEE277E6}.Release|ARM.ActiveCfg = Release|Any CPU
		{167C06C7-FDA1-4A6F-B692-5CC7BEE277E6}.Release|ARM.Build.0 = Release|Any CPU
		{167C06C7-FDA1-4A6F-B692-5CC7BEE277E6}.Release|iPhone.ActiveCfg = Release|Any CPU
		{167C06C7-FDA1-4A6F-B692-5CC7BEE277E6}.Release|iPhone.Build.0 = Release|Any CPU
		{167C06C7-FDA1-4A6F-B692-5CC7BEE277E6}.Release|iPhoneSimulator.ActiveCfg = Release|Any CPU
		{167C06C7-FDA1-4A6F-B692-5CC7BEE277E6}.Release|iPhoneSimulator.Build.0 = Release|Any CPU
		{167C06C7-FDA1-4A6F-B692-5CC7BEE277E6}.Release|x64.ActiveCfg = Release|Any CPU
		{167C06C7-FDA1-4A6F-B692-5CC7BEE277E6}.Release|x64.Build.0 = Release|Any CPU
		{167C06C7-FDA1-4A6F-B692-5CC7BEE277E6}.Release|x86.ActiveCfg = Release|Any CPU
		{167C06C7-FDA1-4A6F-B692-5CC7BEE277E6}.Release|x86.Build.0 = Release|Any CPU
		{20B58876-E798-4D36-971E-874FCA3A0589}.Ad-Hoc|Any CPU.ActiveCfg = Release|Any CPU
		{20B58876-E798-4D36-971E-874FCA3A0589}.Ad-Hoc|Any CPU.Build.0 = Release|Any CPU
		{20B58876-E798-4D36-971E-874FCA3A0589}.Ad-Hoc|ARM.ActiveCfg = Release|Any CPU
		{20B58876-E798-4D36-971E-874FCA3A0589}.Ad-Hoc|ARM.Build.0 = Release|Any CPU
		{20B58876-E798-4D36-971E-874FCA3A0589}.Ad-Hoc|iPhone.ActiveCfg = Release|Any CPU
		{20B58876-E798-4D36-971E-874FCA3A0589}.Ad-Hoc|iPhone.Build.0 = Release|Any CPU
		{20B58876-E798-4D36-971E-874FCA3A0589}.Ad-Hoc|iPhoneSimulator.ActiveCfg = Release|Any CPU
		{20B58876-E798-4D36-971E-874FCA3A0589}.Ad-Hoc|iPhoneSimulator.Build.0 = Release|Any CPU
		{20B58876-E798-4D36-971E-874FCA3A0589}.Ad-Hoc|x64.ActiveCfg = Release|Any CPU
		{20B58876-E798-4D36-971E-874FCA3A0589}.Ad-Hoc|x64.Build.0 = Release|Any CPU
		{20B58876-E798-4D36-971E-874FCA3A0589}.Ad-Hoc|x86.ActiveCfg = Release|Any CPU
		{20B58876-E798-4D36-971E-874FCA3A0589}.Ad-Hoc|x86.Build.0 = Release|Any CPU
		{20B58876-E798-4D36-971E-874FCA3A0589}.AppStore|Any CPU.ActiveCfg = Release|Any CPU
		{20B58876-E798-4D36-971E-874FCA3A0589}.AppStore|Any CPU.Build.0 = Release|Any CPU
		{20B58876-E798-4D36-971E-874FCA3A0589}.AppStore|ARM.ActiveCfg = Release|Any CPU
		{20B58876-E798-4D36-971E-874FCA3A0589}.AppStore|ARM.Build.0 = Release|Any CPU
		{20B58876-E798-4D36-971E-874FCA3A0589}.AppStore|iPhone.ActiveCfg = Release|Any CPU
		{20B58876-E798-4D36-971E-874FCA3A0589}.AppStore|iPhone.Build.0 = Release|Any CPU
		{20B58876-E798-4D36-971E-874FCA3A0589}.AppStore|iPhoneSimulator.ActiveCfg = Release|Any CPU
		{20B58876-E798-4D36-971E-874FCA3A0589}.AppStore|iPhoneSimulator.Build.0 = Release|Any CPU
		{20B58876-E798-4D36-971E-874FCA3A0589}.AppStore|x64.ActiveCfg = Release|Any CPU
		{20B58876-E798-4D36-971E-874FCA3A0589}.AppStore|x64.Build.0 = Release|Any CPU
		{20B58876-E798-4D36-971E-874FCA3A0589}.AppStore|x86.ActiveCfg = Release|Any CPU
		{20B58876-E798-4D36-971E-874FCA3A0589}.AppStore|x86.Build.0 = Release|Any CPU
		{20B58876-E798-4D36-971E-874FCA3A0589}.Debug|Any CPU.ActiveCfg = Debug|Any CPU
		{20B58876-E798-4D36-971E-874FCA3A0589}.Debug|Any CPU.Build.0 = Debug|Any CPU
		{20B58876-E798-4D36-971E-874FCA3A0589}.Debug|ARM.ActiveCfg = Debug|Any CPU
		{20B58876-E798-4D36-971E-874FCA3A0589}.Debug|ARM.Build.0 = Debug|Any CPU
		{20B58876-E798-4D36-971E-874FCA3A0589}.Debug|iPhone.ActiveCfg = Debug|Any CPU
		{20B58876-E798-4D36-971E-874FCA3A0589}.Debug|iPhone.Build.0 = Debug|Any CPU
		{20B58876-E798-4D36-971E-874FCA3A0589}.Debug|iPhoneSimulator.ActiveCfg = Debug|Any CPU
		{20B58876-E798-4D36-971E-874FCA3A0589}.Debug|iPhoneSimulator.Build.0 = Debug|Any CPU
		{20B58876-E798-4D36-971E-874FCA3A0589}.Debug|x64.ActiveCfg = Debug|Any CPU
		{20B58876-E798-4D36-971E-874FCA3A0589}.Debug|x64.Build.0 = Debug|Any CPU
		{20B58876-E798-4D36-971E-874FCA3A0589}.Debug|x86.ActiveCfg = Debug|Any CPU
		{20B58876-E798-4D36-971E-874FCA3A0589}.Debug|x86.Build.0 = Debug|Any CPU
		{20B58876-E798-4D36-971E-874FCA3A0589}.Release|Any CPU.ActiveCfg = Release|Any CPU
		{20B58876-E798-4D36-971E-874FCA3A0589}.Release|Any CPU.Build.0 = Release|Any CPU
		{20B58876-E798-4D36-971E-874FCA3A0589}.Release|ARM.ActiveCfg = Release|Any CPU
		{20B58876-E798-4D36-971E-874FCA3A0589}.Release|ARM.Build.0 = Release|Any CPU
		{20B58876-E798-4D36-971E-874FCA3A0589}.Release|iPhone.ActiveCfg = Release|Any CPU
		{20B58876-E798-4D36-971E-874FCA3A0589}.Release|iPhone.Build.0 = Release|Any CPU
		{20B58876-E798-4D36-971E-874FCA3A0589}.Release|iPhoneSimulator.ActiveCfg = Release|Any CPU
		{20B58876-E798-4D36-971E-874FCA3A0589}.Release|iPhoneSimulator.Build.0 = Release|Any CPU
		{20B58876-E798-4D36-971E-874FCA3A0589}.Release|x64.ActiveCfg = Release|Any CPU
		{20B58876-E798-4D36-971E-874FCA3A0589}.Release|x64.Build.0 = Release|Any CPU
		{20B58876-E798-4D36-971E-874FCA3A0589}.Release|x86.ActiveCfg = Release|Any CPU
		{20B58876-E798-4D36-971E-874FCA3A0589}.Release|x86.Build.0 = Release|Any CPU
		{9CE46DDB-8183-4C80-AD04-298385409FE3}.Ad-Hoc|Any CPU.ActiveCfg = Release|Any CPU
		{9CE46DDB-8183-4C80-AD04-298385409FE3}.Ad-Hoc|Any CPU.Build.0 = Release|Any CPU
		{9CE46DDB-8183-4C80-AD04-298385409FE3}.Ad-Hoc|ARM.ActiveCfg = Release|Any CPU
		{9CE46DDB-8183-4C80-AD04-298385409FE3}.Ad-Hoc|ARM.Build.0 = Release|Any CPU
		{9CE46DDB-8183-4C80-AD04-298385409FE3}.Ad-Hoc|iPhone.ActiveCfg = Release|Any CPU
		{9CE46DDB-8183-4C80-AD04-298385409FE3}.Ad-Hoc|iPhone.Build.0 = Release|Any CPU
		{9CE46DDB-8183-4C80-AD04-298385409FE3}.Ad-Hoc|iPhoneSimulator.ActiveCfg = Release|Any CPU
		{9CE46DDB-8183-4C80-AD04-298385409FE3}.Ad-Hoc|iPhoneSimulator.Build.0 = Release|Any CPU
		{9CE46DDB-8183-4C80-AD04-298385409FE3}.Ad-Hoc|x64.ActiveCfg = Release|Any CPU
		{9CE46DDB-8183-4C80-AD04-298385409FE3}.Ad-Hoc|x64.Build.0 = Release|Any CPU
		{9CE46DDB-8183-4C80-AD04-298385409FE3}.Ad-Hoc|x86.ActiveCfg = Release|Any CPU
		{9CE46DDB-8183-4C80-AD04-298385409FE3}.Ad-Hoc|x86.Build.0 = Release|Any CPU
		{9CE46DDB-8183-4C80-AD04-298385409FE3}.AppStore|Any CPU.ActiveCfg = Release|Any CPU
		{9CE46DDB-8183-4C80-AD04-298385409FE3}.AppStore|Any CPU.Build.0 = Release|Any CPU
		{9CE46DDB-8183-4C80-AD04-298385409FE3}.AppStore|ARM.ActiveCfg = Release|Any CPU
		{9CE46DDB-8183-4C80-AD04-298385409FE3}.AppStore|ARM.Build.0 = Release|Any CPU
		{9CE46DDB-8183-4C80-AD04-298385409FE3}.AppStore|iPhone.ActiveCfg = Release|Any CPU
		{9CE46DDB-8183-4C80-AD04-298385409FE3}.AppStore|iPhone.Build.0 = Release|Any CPU
		{9CE46DDB-8183-4C80-AD04-298385409FE3}.AppStore|iPhoneSimulator.ActiveCfg = Release|Any CPU
		{9CE46DDB-8183-4C80-AD04-298385409FE3}.AppStore|iPhoneSimulator.Build.0 = Release|Any CPU
		{9CE46DDB-8183-4C80-AD04-298385409FE3}.AppStore|x64.ActiveCfg = Release|Any CPU
		{9CE46DDB-8183-4C80-AD04-298385409FE3}.AppStore|x64.Build.0 = Release|Any CPU
		{9CE46DDB-8183-4C80-AD04-298385409FE3}.AppStore|x86.ActiveCfg = Release|Any CPU
		{9CE46DDB-8183-4C80-AD04-298385409FE3}.AppStore|x86.Build.0 = Release|Any CPU
		{9CE46DDB-8183-4C80-AD04-298385409FE3}.Debug|Any CPU.ActiveCfg = Debug|Any CPU
		{9CE46DDB-8183-4C80-AD04-298385409FE3}.Debug|Any CPU.Build.0 = Debug|Any CPU
		{9CE46DDB-8183-4C80-AD04-298385409FE3}.Debug|ARM.ActiveCfg = Debug|Any CPU
		{9CE46DDB-8183-4C80-AD04-298385409FE3}.Debug|ARM.Build.0 = Debug|Any CPU
		{9CE46DDB-8183-4C80-AD04-298385409FE3}.Debug|iPhone.ActiveCfg = Debug|Any CPU
		{9CE46DDB-8183-4C80-AD04-298385409FE3}.Debug|iPhone.Build.0 = Debug|Any CPU
		{9CE46DDB-8183-4C80-AD04-298385409FE3}.Debug|iPhoneSimulator.ActiveCfg = Debug|Any CPU
		{9CE46DDB-8183-4C80-AD04-298385409FE3}.Debug|iPhoneSimulator.Build.0 = Debug|Any CPU
		{9CE46DDB-8183-4C80-AD04-298385409FE3}.Debug|x64.ActiveCfg = Debug|Any CPU
		{9CE46DDB-8183-4C80-AD04-298385409FE3}.Debug|x64.Build.0 = Debug|Any CPU
		{9CE46DDB-8183-4C80-AD04-298385409FE3}.Debug|x86.ActiveCfg = Debug|Any CPU
		{9CE46DDB-8183-4C80-AD04-298385409FE3}.Debug|x86.Build.0 = Debug|Any CPU
		{9CE46DDB-8183-4C80-AD04-298385409FE3}.Release|Any CPU.ActiveCfg = Release|Any CPU
		{9CE46DDB-8183-4C80-AD04-298385409FE3}.Release|Any CPU.Build.0 = Release|Any CPU
		{9CE46DDB-8183-4C80-AD04-298385409FE3}.Release|ARM.ActiveCfg = Release|Any CPU
		{9CE46DDB-8183-4C80-AD04-298385409FE3}.Release|ARM.Build.0 = Release|Any CPU
		{9CE46DDB-8183-4C80-AD04-298385409FE3}.Release|iPhone.ActiveCfg = Release|Any CPU
		{9CE46DDB-8183-4C80-AD04-298385409FE3}.Release|iPhone.Build.0 = Release|Any CPU
		{9CE46DDB-8183-4C80-AD04-298385409FE3}.Release|iPhoneSimulator.ActiveCfg = Release|Any CPU
		{9CE46DDB-8183-4C80-AD04-298385409FE3}.Release|iPhoneSimulator.Build.0 = Release|Any CPU
		{9CE46DDB-8183-4C80-AD04-298385409FE3}.Release|x64.ActiveCfg = Release|Any CPU
		{9CE46DDB-8183-4C80-AD04-298385409FE3}.Release|x64.Build.0 = Release|Any CPU
		{9CE46DDB-8183-4C80-AD04-298385409FE3}.Release|x86.ActiveCfg = Release|Any CPU
		{9CE46DDB-8183-4C80-AD04-298385409FE3}.Release|x86.Build.0 = Release|Any CPU
		{99873558-2FDE-4BC4-BEA2-822EA4B13165}.Ad-Hoc|Any CPU.ActiveCfg = Debug|Any CPU
		{99873558-2FDE-4BC4-BEA2-822EA4B13165}.Ad-Hoc|Any CPU.Build.0 = Debug|Any CPU
		{99873558-2FDE-4BC4-BEA2-822EA4B13165}.Ad-Hoc|ARM.ActiveCfg = Debug|Any CPU
		{99873558-2FDE-4BC4-BEA2-822EA4B13165}.Ad-Hoc|ARM.Build.0 = Debug|Any CPU
		{99873558-2FDE-4BC4-BEA2-822EA4B13165}.Ad-Hoc|iPhone.ActiveCfg = Debug|Any CPU
		{99873558-2FDE-4BC4-BEA2-822EA4B13165}.Ad-Hoc|iPhone.Build.0 = Debug|Any CPU
		{99873558-2FDE-4BC4-BEA2-822EA4B13165}.Ad-Hoc|iPhoneSimulator.ActiveCfg = Debug|Any CPU
		{99873558-2FDE-4BC4-BEA2-822EA4B13165}.Ad-Hoc|iPhoneSimulator.Build.0 = Debug|Any CPU
		{99873558-2FDE-4BC4-BEA2-822EA4B13165}.Ad-Hoc|x64.ActiveCfg = Debug|Any CPU
		{99873558-2FDE-4BC4-BEA2-822EA4B13165}.Ad-Hoc|x64.Build.0 = Debug|Any CPU
		{99873558-2FDE-4BC4-BEA2-822EA4B13165}.Ad-Hoc|x86.ActiveCfg = Debug|Any CPU
		{99873558-2FDE-4BC4-BEA2-822EA4B13165}.Ad-Hoc|x86.Build.0 = Debug|Any CPU
		{99873558-2FDE-4BC4-BEA2-822EA4B13165}.AppStore|Any CPU.ActiveCfg = Debug|Any CPU
		{99873558-2FDE-4BC4-BEA2-822EA4B13165}.AppStore|Any CPU.Build.0 = Debug|Any CPU
		{99873558-2FDE-4BC4-BEA2-822EA4B13165}.AppStore|ARM.ActiveCfg = Debug|Any CPU
		{99873558-2FDE-4BC4-BEA2-822EA4B13165}.AppStore|ARM.Build.0 = Debug|Any CPU
		{99873558-2FDE-4BC4-BEA2-822EA4B13165}.AppStore|iPhone.ActiveCfg = Debug|Any CPU
		{99873558-2FDE-4BC4-BEA2-822EA4B13165}.AppStore|iPhone.Build.0 = Debug|Any CPU
		{99873558-2FDE-4BC4-BEA2-822EA4B13165}.AppStore|iPhoneSimulator.ActiveCfg = Debug|Any CPU
		{99873558-2FDE-4BC4-BEA2-822EA4B13165}.AppStore|iPhoneSimulator.Build.0 = Debug|Any CPU
		{99873558-2FDE-4BC4-BEA2-822EA4B13165}.AppStore|x64.ActiveCfg = Debug|Any CPU
		{99873558-2FDE-4BC4-BEA2-822EA4B13165}.AppStore|x64.Build.0 = Debug|Any CPU
		{99873558-2FDE-4BC4-BEA2-822EA4B13165}.AppStore|x86.ActiveCfg = Debug|Any CPU
		{99873558-2FDE-4BC4-BEA2-822EA4B13165}.AppStore|x86.Build.0 = Debug|Any CPU
		{99873558-2FDE-4BC4-BEA2-822EA4B13165}.Debug|Any CPU.ActiveCfg = Debug|Any CPU
		{99873558-2FDE-4BC4-BEA2-822EA4B13165}.Debug|Any CPU.Build.0 = Debug|Any CPU
		{99873558-2FDE-4BC4-BEA2-822EA4B13165}.Debug|ARM.ActiveCfg = Debug|Any CPU
		{99873558-2FDE-4BC4-BEA2-822EA4B13165}.Debug|ARM.Build.0 = Debug|Any CPU
		{99873558-2FDE-4BC4-BEA2-822EA4B13165}.Debug|iPhone.ActiveCfg = Debug|Any CPU
		{99873558-2FDE-4BC4-BEA2-822EA4B13165}.Debug|iPhone.Build.0 = Debug|Any CPU
		{99873558-2FDE-4BC4-BEA2-822EA4B13165}.Debug|iPhoneSimulator.ActiveCfg = Debug|Any CPU
		{99873558-2FDE-4BC4-BEA2-822EA4B13165}.Debug|iPhoneSimulator.Build.0 = Debug|Any CPU
		{99873558-2FDE-4BC4-BEA2-822EA4B13165}.Debug|x64.ActiveCfg = Debug|Any CPU
		{99873558-2FDE-4BC4-BEA2-822EA4B13165}.Debug|x64.Build.0 = Debug|Any CPU
		{99873558-2FDE-4BC4-BEA2-822EA4B13165}.Debug|x86.ActiveCfg = Debug|Any CPU
		{99873558-2FDE-4BC4-BEA2-822EA4B13165}.Debug|x86.Build.0 = Debug|Any CPU
		{99873558-2FDE-4BC4-BEA2-822EA4B13165}.Release|Any CPU.ActiveCfg = Release|Any CPU
		{99873558-2FDE-4BC4-BEA2-822EA4B13165}.Release|Any CPU.Build.0 = Release|Any CPU
		{99873558-2FDE-4BC4-BEA2-822EA4B13165}.Release|ARM.ActiveCfg = Release|Any CPU
		{99873558-2FDE-4BC4-BEA2-822EA4B13165}.Release|ARM.Build.0 = Release|Any CPU
		{99873558-2FDE-4BC4-BEA2-822EA4B13165}.Release|iPhone.ActiveCfg = Release|Any CPU
		{99873558-2FDE-4BC4-BEA2-822EA4B13165}.Release|iPhone.Build.0 = Release|Any CPU
		{99873558-2FDE-4BC4-BEA2-822EA4B13165}.Release|iPhoneSimulator.ActiveCfg = Release|Any CPU
		{99873558-2FDE-4BC4-BEA2-822EA4B13165}.Release|iPhoneSimulator.Build.0 = Release|Any CPU
		{99873558-2FDE-4BC4-BEA2-822EA4B13165}.Release|x64.ActiveCfg = Release|Any CPU
		{99873558-2FDE-4BC4-BEA2-822EA4B13165}.Release|x64.Build.0 = Release|Any CPU
		{99873558-2FDE-4BC4-BEA2-822EA4B13165}.Release|x86.ActiveCfg = Release|Any CPU
		{99873558-2FDE-4BC4-BEA2-822EA4B13165}.Release|x86.Build.0 = Release|Any CPU
		{1174C495-CB6C-40CE-A89E-D84BF30A544C}.Ad-Hoc|Any CPU.ActiveCfg = Debug|Any CPU
		{1174C495-CB6C-40CE-A89E-D84BF30A544C}.Ad-Hoc|Any CPU.Build.0 = Debug|Any CPU
		{1174C495-CB6C-40CE-A89E-D84BF30A544C}.Ad-Hoc|Any CPU.Deploy.0 = Debug|Any CPU
		{1174C495-CB6C-40CE-A89E-D84BF30A544C}.Ad-Hoc|ARM.ActiveCfg = Debug|Any CPU
		{1174C495-CB6C-40CE-A89E-D84BF30A544C}.Ad-Hoc|ARM.Build.0 = Debug|Any CPU
		{1174C495-CB6C-40CE-A89E-D84BF30A544C}.Ad-Hoc|ARM.Deploy.0 = Debug|Any CPU
		{1174C495-CB6C-40CE-A89E-D84BF30A544C}.Ad-Hoc|iPhone.ActiveCfg = Debug|Any CPU
		{1174C495-CB6C-40CE-A89E-D84BF30A544C}.Ad-Hoc|iPhone.Build.0 = Debug|Any CPU
		{1174C495-CB6C-40CE-A89E-D84BF30A544C}.Ad-Hoc|iPhone.Deploy.0 = Debug|Any CPU
		{1174C495-CB6C-40CE-A89E-D84BF30A544C}.Ad-Hoc|iPhoneSimulator.ActiveCfg = Debug|Any CPU
		{1174C495-CB6C-40CE-A89E-D84BF30A544C}.Ad-Hoc|iPhoneSimulator.Build.0 = Debug|Any CPU
		{1174C495-CB6C-40CE-A89E-D84BF30A544C}.Ad-Hoc|iPhoneSimulator.Deploy.0 = Debug|Any CPU
		{1174C495-CB6C-40CE-A89E-D84BF30A544C}.Ad-Hoc|x64.ActiveCfg = Debug|Any CPU
		{1174C495-CB6C-40CE-A89E-D84BF30A544C}.Ad-Hoc|x64.Build.0 = Debug|Any CPU
		{1174C495-CB6C-40CE-A89E-D84BF30A544C}.Ad-Hoc|x64.Deploy.0 = Debug|Any CPU
		{1174C495-CB6C-40CE-A89E-D84BF30A544C}.Ad-Hoc|x86.ActiveCfg = Debug|Any CPU
		{1174C495-CB6C-40CE-A89E-D84BF30A544C}.Ad-Hoc|x86.Build.0 = Debug|Any CPU
		{1174C495-CB6C-40CE-A89E-D84BF30A544C}.Ad-Hoc|x86.Deploy.0 = Debug|Any CPU
		{1174C495-CB6C-40CE-A89E-D84BF30A544C}.AppStore|Any CPU.ActiveCfg = Debug|Any CPU
		{1174C495-CB6C-40CE-A89E-D84BF30A544C}.AppStore|Any CPU.Build.0 = Debug|Any CPU
		{1174C495-CB6C-40CE-A89E-D84BF30A544C}.AppStore|Any CPU.Deploy.0 = Debug|Any CPU
		{1174C495-CB6C-40CE-A89E-D84BF30A544C}.AppStore|ARM.ActiveCfg = Debug|Any CPU
		{1174C495-CB6C-40CE-A89E-D84BF30A544C}.AppStore|ARM.Build.0 = Debug|Any CPU
		{1174C495-CB6C-40CE-A89E-D84BF30A544C}.AppStore|ARM.Deploy.0 = Debug|Any CPU
		{1174C495-CB6C-40CE-A89E-D84BF30A544C}.AppStore|iPhone.ActiveCfg = Debug|Any CPU
		{1174C495-CB6C-40CE-A89E-D84BF30A544C}.AppStore|iPhone.Build.0 = Debug|Any CPU
		{1174C495-CB6C-40CE-A89E-D84BF30A544C}.AppStore|iPhone.Deploy.0 = Debug|Any CPU
		{1174C495-CB6C-40CE-A89E-D84BF30A544C}.AppStore|iPhoneSimulator.ActiveCfg = Debug|Any CPU
		{1174C495-CB6C-40CE-A89E-D84BF30A544C}.AppStore|iPhoneSimulator.Build.0 = Debug|Any CPU
		{1174C495-CB6C-40CE-A89E-D84BF30A544C}.AppStore|iPhoneSimulator.Deploy.0 = Debug|Any CPU
		{1174C495-CB6C-40CE-A89E-D84BF30A544C}.AppStore|x64.ActiveCfg = Debug|Any CPU
		{1174C495-CB6C-40CE-A89E-D84BF30A544C}.AppStore|x64.Build.0 = Debug|Any CPU
		{1174C495-CB6C-40CE-A89E-D84BF30A544C}.AppStore|x64.Deploy.0 = Debug|Any CPU
		{1174C495-CB6C-40CE-A89E-D84BF30A544C}.AppStore|x86.ActiveCfg = Debug|Any CPU
		{1174C495-CB6C-40CE-A89E-D84BF30A544C}.AppStore|x86.Build.0 = Debug|Any CPU
		{1174C495-CB6C-40CE-A89E-D84BF30A544C}.AppStore|x86.Deploy.0 = Debug|Any CPU
		{1174C495-CB6C-40CE-A89E-D84BF30A544C}.Debug|Any CPU.ActiveCfg = Debug|Any CPU
		{1174C495-CB6C-40CE-A89E-D84BF30A544C}.Debug|Any CPU.Build.0 = Debug|Any CPU
		{1174C495-CB6C-40CE-A89E-D84BF30A544C}.Debug|Any CPU.Deploy.0 = Debug|Any CPU
		{1174C495-CB6C-40CE-A89E-D84BF30A544C}.Debug|ARM.ActiveCfg = Debug|Any CPU
		{1174C495-CB6C-40CE-A89E-D84BF30A544C}.Debug|ARM.Build.0 = Debug|Any CPU
		{1174C495-CB6C-40CE-A89E-D84BF30A544C}.Debug|ARM.Deploy.0 = Debug|Any CPU
		{1174C495-CB6C-40CE-A89E-D84BF30A544C}.Debug|iPhone.ActiveCfg = Debug|Any CPU
		{1174C495-CB6C-40CE-A89E-D84BF30A544C}.Debug|iPhone.Build.0 = Debug|Any CPU
		{1174C495-CB6C-40CE-A89E-D84BF30A544C}.Debug|iPhone.Deploy.0 = Debug|Any CPU
		{1174C495-CB6C-40CE-A89E-D84BF30A544C}.Debug|iPhoneSimulator.ActiveCfg = Debug|Any CPU
		{1174C495-CB6C-40CE-A89E-D84BF30A544C}.Debug|iPhoneSimulator.Build.0 = Debug|Any CPU
		{1174C495-CB6C-40CE-A89E-D84BF30A544C}.Debug|iPhoneSimulator.Deploy.0 = Debug|Any CPU
		{1174C495-CB6C-40CE-A89E-D84BF30A544C}.Debug|x64.ActiveCfg = Debug|Any CPU
		{1174C495-CB6C-40CE-A89E-D84BF30A544C}.Debug|x64.Build.0 = Debug|Any CPU
		{1174C495-CB6C-40CE-A89E-D84BF30A544C}.Debug|x64.Deploy.0 = Debug|Any CPU
		{1174C495-CB6C-40CE-A89E-D84BF30A544C}.Debug|x86.ActiveCfg = Debug|Any CPU
		{1174C495-CB6C-40CE-A89E-D84BF30A544C}.Debug|x86.Build.0 = Debug|Any CPU
		{1174C495-CB6C-40CE-A89E-D84BF30A544C}.Debug|x86.Deploy.0 = Debug|Any CPU
		{1174C495-CB6C-40CE-A89E-D84BF30A544C}.Release|Any CPU.ActiveCfg = Release|Any CPU
		{1174C495-CB6C-40CE-A89E-D84BF30A544C}.Release|Any CPU.Build.0 = Release|Any CPU
		{1174C495-CB6C-40CE-A89E-D84BF30A544C}.Release|Any CPU.Deploy.0 = Release|Any CPU
		{1174C495-CB6C-40CE-A89E-D84BF30A544C}.Release|ARM.ActiveCfg = Release|Any CPU
		{1174C495-CB6C-40CE-A89E-D84BF30A544C}.Release|ARM.Build.0 = Release|Any CPU
		{1174C495-CB6C-40CE-A89E-D84BF30A544C}.Release|ARM.Deploy.0 = Release|Any CPU
		{1174C495-CB6C-40CE-A89E-D84BF30A544C}.Release|iPhone.ActiveCfg = Release|Any CPU
		{1174C495-CB6C-40CE-A89E-D84BF30A544C}.Release|iPhone.Build.0 = Release|Any CPU
		{1174C495-CB6C-40CE-A89E-D84BF30A544C}.Release|iPhone.Deploy.0 = Release|Any CPU
		{1174C495-CB6C-40CE-A89E-D84BF30A544C}.Release|iPhoneSimulator.ActiveCfg = Release|Any CPU
		{1174C495-CB6C-40CE-A89E-D84BF30A544C}.Release|iPhoneSimulator.Build.0 = Release|Any CPU
		{1174C495-CB6C-40CE-A89E-D84BF30A544C}.Release|iPhoneSimulator.Deploy.0 = Release|Any CPU
		{1174C495-CB6C-40CE-A89E-D84BF30A544C}.Release|x64.ActiveCfg = Release|Any CPU
		{1174C495-CB6C-40CE-A89E-D84BF30A544C}.Release|x64.Build.0 = Release|Any CPU
		{1174C495-CB6C-40CE-A89E-D84BF30A544C}.Release|x64.Deploy.0 = Release|Any CPU
		{1174C495-CB6C-40CE-A89E-D84BF30A544C}.Release|x86.ActiveCfg = Release|Any CPU
		{1174C495-CB6C-40CE-A89E-D84BF30A544C}.Release|x86.Build.0 = Release|Any CPU
		{1174C495-CB6C-40CE-A89E-D84BF30A544C}.Release|x86.Deploy.0 = Release|Any CPU
		{6F283D03-2A0D-4738-ACD3-1A0026769038}.Ad-Hoc|Any CPU.ActiveCfg = Ad-Hoc|iPhoneSimulator
		{6F283D03-2A0D-4738-ACD3-1A0026769038}.Ad-Hoc|ARM.ActiveCfg = Ad-Hoc|iPhoneSimulator
		{6F283D03-2A0D-4738-ACD3-1A0026769038}.Ad-Hoc|iPhone.ActiveCfg = Ad-Hoc|iPhone
		{6F283D03-2A0D-4738-ACD3-1A0026769038}.Ad-Hoc|iPhone.Build.0 = Ad-Hoc|iPhone
		{6F283D03-2A0D-4738-ACD3-1A0026769038}.Ad-Hoc|iPhoneSimulator.ActiveCfg = Ad-Hoc|iPhoneSimulator
		{6F283D03-2A0D-4738-ACD3-1A0026769038}.Ad-Hoc|iPhoneSimulator.Build.0 = Ad-Hoc|iPhoneSimulator
		{6F283D03-2A0D-4738-ACD3-1A0026769038}.Ad-Hoc|x64.ActiveCfg = Ad-Hoc|iPhoneSimulator
		{6F283D03-2A0D-4738-ACD3-1A0026769038}.Ad-Hoc|x86.ActiveCfg = Ad-Hoc|iPhoneSimulator
		{6F283D03-2A0D-4738-ACD3-1A0026769038}.AppStore|Any CPU.ActiveCfg = AppStore|iPhoneSimulator
		{6F283D03-2A0D-4738-ACD3-1A0026769038}.AppStore|ARM.ActiveCfg = AppStore|iPhoneSimulator
		{6F283D03-2A0D-4738-ACD3-1A0026769038}.AppStore|iPhone.ActiveCfg = AppStore|iPhone
		{6F283D03-2A0D-4738-ACD3-1A0026769038}.AppStore|iPhone.Build.0 = AppStore|iPhone
		{6F283D03-2A0D-4738-ACD3-1A0026769038}.AppStore|iPhoneSimulator.ActiveCfg = AppStore|iPhoneSimulator
		{6F283D03-2A0D-4738-ACD3-1A0026769038}.AppStore|iPhoneSimulator.Build.0 = AppStore|iPhoneSimulator
		{6F283D03-2A0D-4738-ACD3-1A0026769038}.AppStore|x64.ActiveCfg = AppStore|iPhoneSimulator
		{6F283D03-2A0D-4738-ACD3-1A0026769038}.AppStore|x86.ActiveCfg = AppStore|iPhoneSimulator
		{6F283D03-2A0D-4738-ACD3-1A0026769038}.Debug|Any CPU.ActiveCfg = Debug|iPhoneSimulator
		{6F283D03-2A0D-4738-ACD3-1A0026769038}.Debug|ARM.ActiveCfg = Debug|iPhoneSimulator
		{6F283D03-2A0D-4738-ACD3-1A0026769038}.Debug|iPhone.ActiveCfg = Debug|iPhone
		{6F283D03-2A0D-4738-ACD3-1A0026769038}.Debug|iPhone.Build.0 = Debug|iPhone
		{6F283D03-2A0D-4738-ACD3-1A0026769038}.Debug|iPhoneSimulator.ActiveCfg = Debug|iPhoneSimulator
		{6F283D03-2A0D-4738-ACD3-1A0026769038}.Debug|iPhoneSimulator.Build.0 = Debug|iPhoneSimulator
		{6F283D03-2A0D-4738-ACD3-1A0026769038}.Debug|x64.ActiveCfg = Debug|iPhoneSimulator
		{6F283D03-2A0D-4738-ACD3-1A0026769038}.Debug|x86.ActiveCfg = Debug|iPhoneSimulator
		{6F283D03-2A0D-4738-ACD3-1A0026769038}.Release|Any CPU.ActiveCfg = Release|iPhoneSimulator
		{6F283D03-2A0D-4738-ACD3-1A0026769038}.Release|ARM.ActiveCfg = Release|iPhoneSimulator
		{6F283D03-2A0D-4738-ACD3-1A0026769038}.Release|iPhone.ActiveCfg = Release|iPhone
		{6F283D03-2A0D-4738-ACD3-1A0026769038}.Release|iPhone.Build.0 = Release|iPhone
		{6F283D03-2A0D-4738-ACD3-1A0026769038}.Release|iPhoneSimulator.ActiveCfg = Release|iPhoneSimulator
		{6F283D03-2A0D-4738-ACD3-1A0026769038}.Release|iPhoneSimulator.Build.0 = Release|iPhoneSimulator
		{6F283D03-2A0D-4738-ACD3-1A0026769038}.Release|x64.ActiveCfg = Release|iPhoneSimulator
		{6F283D03-2A0D-4738-ACD3-1A0026769038}.Release|x86.ActiveCfg = Release|iPhoneSimulator
		{B38130A4-69C9-4A4F-B202-6CD6BED0CF54}.Ad-Hoc|Any CPU.ActiveCfg = Debug|Any CPU
		{B38130A4-69C9-4A4F-B202-6CD6BED0CF54}.Ad-Hoc|Any CPU.Build.0 = Debug|Any CPU
		{B38130A4-69C9-4A4F-B202-6CD6BED0CF54}.Ad-Hoc|ARM.ActiveCfg = Debug|Any CPU
		{B38130A4-69C9-4A4F-B202-6CD6BED0CF54}.Ad-Hoc|ARM.Build.0 = Debug|Any CPU
		{B38130A4-69C9-4A4F-B202-6CD6BED0CF54}.Ad-Hoc|iPhone.ActiveCfg = Debug|Any CPU
		{B38130A4-69C9-4A4F-B202-6CD6BED0CF54}.Ad-Hoc|iPhone.Build.0 = Debug|Any CPU
		{B38130A4-69C9-4A4F-B202-6CD6BED0CF54}.Ad-Hoc|iPhoneSimulator.ActiveCfg = Debug|Any CPU
		{B38130A4-69C9-4A4F-B202-6CD6BED0CF54}.Ad-Hoc|iPhoneSimulator.Build.0 = Debug|Any CPU
		{B38130A4-69C9-4A4F-B202-6CD6BED0CF54}.Ad-Hoc|x64.ActiveCfg = Debug|Any CPU
		{B38130A4-69C9-4A4F-B202-6CD6BED0CF54}.Ad-Hoc|x64.Build.0 = Debug|Any CPU
		{B38130A4-69C9-4A4F-B202-6CD6BED0CF54}.Ad-Hoc|x86.ActiveCfg = Debug|Any CPU
		{B38130A4-69C9-4A4F-B202-6CD6BED0CF54}.Ad-Hoc|x86.Build.0 = Debug|Any CPU
		{B38130A4-69C9-4A4F-B202-6CD6BED0CF54}.AppStore|Any CPU.ActiveCfg = Debug|Any CPU
		{B38130A4-69C9-4A4F-B202-6CD6BED0CF54}.AppStore|Any CPU.Build.0 = Debug|Any CPU
		{B38130A4-69C9-4A4F-B202-6CD6BED0CF54}.AppStore|ARM.ActiveCfg = Debug|Any CPU
		{B38130A4-69C9-4A4F-B202-6CD6BED0CF54}.AppStore|ARM.Build.0 = Debug|Any CPU
		{B38130A4-69C9-4A4F-B202-6CD6BED0CF54}.AppStore|iPhone.ActiveCfg = Debug|Any CPU
		{B38130A4-69C9-4A4F-B202-6CD6BED0CF54}.AppStore|iPhone.Build.0 = Debug|Any CPU
		{B38130A4-69C9-4A4F-B202-6CD6BED0CF54}.AppStore|iPhoneSimulator.ActiveCfg = Debug|Any CPU
		{B38130A4-69C9-4A4F-B202-6CD6BED0CF54}.AppStore|iPhoneSimulator.Build.0 = Debug|Any CPU
		{B38130A4-69C9-4A4F-B202-6CD6BED0CF54}.AppStore|x64.ActiveCfg = Debug|Any CPU
		{B38130A4-69C9-4A4F-B202-6CD6BED0CF54}.AppStore|x64.Build.0 = Debug|Any CPU
		{B38130A4-69C9-4A4F-B202-6CD6BED0CF54}.AppStore|x86.ActiveCfg = Debug|Any CPU
		{B38130A4-69C9-4A4F-B202-6CD6BED0CF54}.AppStore|x86.Build.0 = Debug|Any CPU
		{B38130A4-69C9-4A4F-B202-6CD6BED0CF54}.Debug|Any CPU.ActiveCfg = Debug|Any CPU
		{B38130A4-69C9-4A4F-B202-6CD6BED0CF54}.Debug|Any CPU.Build.0 = Debug|Any CPU
		{B38130A4-69C9-4A4F-B202-6CD6BED0CF54}.Debug|ARM.ActiveCfg = Debug|Any CPU
		{B38130A4-69C9-4A4F-B202-6CD6BED0CF54}.Debug|ARM.Build.0 = Debug|Any CPU
		{B38130A4-69C9-4A4F-B202-6CD6BED0CF54}.Debug|iPhone.ActiveCfg = Debug|Any CPU
		{B38130A4-69C9-4A4F-B202-6CD6BED0CF54}.Debug|iPhone.Build.0 = Debug|Any CPU
		{B38130A4-69C9-4A4F-B202-6CD6BED0CF54}.Debug|iPhoneSimulator.ActiveCfg = Debug|Any CPU
		{B38130A4-69C9-4A4F-B202-6CD6BED0CF54}.Debug|iPhoneSimulator.Build.0 = Debug|Any CPU
		{B38130A4-69C9-4A4F-B202-6CD6BED0CF54}.Debug|x64.ActiveCfg = Debug|Any CPU
		{B38130A4-69C9-4A4F-B202-6CD6BED0CF54}.Debug|x64.Build.0 = Debug|Any CPU
		{B38130A4-69C9-4A4F-B202-6CD6BED0CF54}.Debug|x86.ActiveCfg = Debug|Any CPU
		{B38130A4-69C9-4A4F-B202-6CD6BED0CF54}.Debug|x86.Build.0 = Debug|Any CPU
		{B38130A4-69C9-4A4F-B202-6CD6BED0CF54}.Release|Any CPU.ActiveCfg = Release|Any CPU
		{B38130A4-69C9-4A4F-B202-6CD6BED0CF54}.Release|Any CPU.Build.0 = Release|Any CPU
		{B38130A4-69C9-4A4F-B202-6CD6BED0CF54}.Release|ARM.ActiveCfg = Release|Any CPU
		{B38130A4-69C9-4A4F-B202-6CD6BED0CF54}.Release|ARM.Build.0 = Release|Any CPU
		{B38130A4-69C9-4A4F-B202-6CD6BED0CF54}.Release|iPhone.ActiveCfg = Release|Any CPU
		{B38130A4-69C9-4A4F-B202-6CD6BED0CF54}.Release|iPhone.Build.0 = Release|Any CPU
		{B38130A4-69C9-4A4F-B202-6CD6BED0CF54}.Release|iPhoneSimulator.ActiveCfg = Release|Any CPU
		{B38130A4-69C9-4A4F-B202-6CD6BED0CF54}.Release|iPhoneSimulator.Build.0 = Release|Any CPU
		{B38130A4-69C9-4A4F-B202-6CD6BED0CF54}.Release|x64.ActiveCfg = Release|Any CPU
		{B38130A4-69C9-4A4F-B202-6CD6BED0CF54}.Release|x64.Build.0 = Release|Any CPU
		{B38130A4-69C9-4A4F-B202-6CD6BED0CF54}.Release|x86.ActiveCfg = Release|Any CPU
		{B38130A4-69C9-4A4F-B202-6CD6BED0CF54}.Release|x86.Build.0 = Release|Any CPU
	EndGlobalSection
	GlobalSection(SolutionProperties) = preSolution
		HideSolutionNode = FALSE
	EndGlobalSection
	GlobalSection(ExtensibilityGlobals) = postSolution
		SolutionGuid = {6746EA42-EB17-4307-B8F3-5C0176ABA383}
	EndGlobalSection
EndGlobal
